{
  "name": "garph",
  "version": "0.3.0",
  "lockfileVersion": 2,
  "requires": true,
  "packages": {
    "": {
      "name": "garph",
      "version": "0.3.0",
      "license": "MIT",
      "dependencies": {
        "@graphql-tools/schema": "^9.0.16",
        "graphql-compose": "^9.0.10"
      },
      "devDependencies": {
        "bun-types": "^0.5.6",
        "graphql-yoga": "^3.6.0",
        "typescript": "^4.9.5"
      }
    },
    "node_modules/@envelop/core": {
      "version": "3.0.4",
      "resolved": "https://registry.npmjs.org/@envelop/core/-/core-3.0.4.tgz",
      "integrity": "sha512-AybIZxQsDlFQTWHy6YtX/MSQPVuw+eOFtTW90JsHn6EbmcQnD6N3edQfSiTGjggPRHLoC0+0cuYXp2Ly2r3vrQ==",
      "dev": true,
      "dependencies": {
        "@envelop/types": "3.0.1",
        "tslib": "2.4.0"
      }
    },
    "node_modules/@envelop/core/node_modules/tslib": {
      "version": "2.4.0",
      "resolved": "https://registry.npmjs.org/tslib/-/tslib-2.4.0.tgz",
      "integrity": "sha512-d6xOpEDfsi2CZVlPQzGeux8XMwLT9hssAsaPYExaQMuYskwb+x1x7J371tWlbBdWHroy99KnVB6qIkUbs5X3UQ==",
      "dev": true
    },
    "node_modules/@envelop/types": {
      "version": "3.0.1",
      "resolved": "https://registry.npmjs.org/@envelop/types/-/types-3.0.1.tgz",
      "integrity": "sha512-Ok62K1K+rlS+wQw77k8Pis8+1/h7+/9Wk5Fgcc2U6M5haEWsLFAHcHsk8rYlnJdEUl2Y3yJcCSOYbt1dyTaU5w==",
      "dev": true,
      "dependencies": {
        "tslib": "^2.4.0"
      }
    },
    "node_modules/@envelop/validation-cache": {
      "version": "5.1.0",
      "resolved": "https://registry.npmjs.org/@envelop/validation-cache/-/validation-cache-5.1.0.tgz",
      "integrity": "sha512-X0hr7lcT9Ye4Sm43JPaSawmhFl5Uf67z8OEIyphWY4DUNRlY6VClQZRMGP+8iAo9EFcRspvmszBI8b/65JwHaA==",
      "dev": true,
      "dependencies": {
        "fast-json-stable-stringify": "^2.1.0",
        "js-sha1": "^0.6.0",
        "lru-cache": "^6.0.0",
        "tslib": "^2.4.0"
      },
      "peerDependencies": {
        "@envelop/core": "^3.0.4",
        "graphql": "^14.0.0 || ^15.0.0 || ^16.0.0"
      }
    },
    "node_modules/@envelop/validation-cache/node_modules/lru-cache": {
      "version": "6.0.0",
      "resolved": "https://registry.npmjs.org/lru-cache/-/lru-cache-6.0.0.tgz",
      "integrity": "sha512-Jo6dJ04CmSjuznwJSS3pUeWmd/H0ffTlkXXgwZi+eq1UCmqQwCh+eLsYOYCwY991i2Fah4h1BEMCx4qThGbsiA==",
      "dev": true,
      "dependencies": {
        "yallist": "^4.0.0"
      },
      "engines": {
        "node": ">=10"
      }
    },
    "node_modules/@graphql-tools/executor": {
      "version": "0.0.14",
      "resolved": "https://registry.npmjs.org/@graphql-tools/executor/-/executor-0.0.14.tgz",
      "integrity": "sha512-YiBbN9NT0FgqPJ35+Eg0ty1s5scOZTgiPf+6hLVJBd5zHEURwojEMCTKJ9e0RNZHETp2lN+YaTFGTSoRk0t4Sw==",
      "dev": true,
      "dependencies": {
        "@graphql-tools/utils": "9.2.1",
        "@graphql-typed-document-node/core": "3.1.1",
        "@repeaterjs/repeater": "3.0.4",
        "tslib": "^2.4.0",
        "value-or-promise": "1.0.12"
      },
      "peerDependencies": {
        "graphql": "^14.0.0 || ^15.0.0 || ^16.0.0 || ^17.0.0"
      }
    },
    "node_modules/@graphql-tools/merge": {
      "version": "8.3.18",
      "resolved": "https://registry.npmjs.org/@graphql-tools/merge/-/merge-8.3.18.tgz",
      "integrity": "sha512-R8nBglvRWPAyLpZL/f3lxsY7wjnAeE0l056zHhcO/CgpvK76KYUt9oEkR05i8Hmt8DLRycBN0FiotJ0yDQWTVA==",
      "dependencies": {
        "@graphql-tools/utils": "9.2.1",
        "tslib": "^2.4.0"
      },
      "peerDependencies": {
        "graphql": "^14.0.0 || ^15.0.0 || ^16.0.0 || ^17.0.0"
      }
    },
    "node_modules/@graphql-tools/schema": {
      "version": "9.0.16",
      "resolved": "https://registry.npmjs.org/@graphql-tools/schema/-/schema-9.0.16.tgz",
      "integrity": "sha512-kF+tbYPPf/6K2aHG3e1SWIbapDLQaqnIHVRG6ow3onkFoowwtKszvUyOASL6Krcv2x9bIMvd1UkvRf9OaoROQQ==",
      "dependencies": {
        "@graphql-tools/merge": "8.3.18",
        "@graphql-tools/utils": "9.2.1",
        "tslib": "^2.4.0",
        "value-or-promise": "1.0.12"
      },
      "peerDependencies": {
        "graphql": "^14.0.0 || ^15.0.0 || ^16.0.0 || ^17.0.0"
      }
    },
    "node_modules/@graphql-tools/utils": {
      "version": "9.2.1",
      "resolved": "https://registry.npmjs.org/@graphql-tools/utils/-/utils-9.2.1.tgz",
      "integrity": "sha512-WUw506Ql6xzmOORlriNrD6Ugx+HjVgYxt9KCXD9mHAak+eaXSwuGGPyE60hy9xaDEoXKBsG7SkG69ybitaVl6A==",
      "dependencies": {
        "@graphql-typed-document-node/core": "^3.1.1",
        "tslib": "^2.4.0"
      },
      "peerDependencies": {
        "graphql": "^14.0.0 || ^15.0.0 || ^16.0.0 || ^17.0.0"
      }
    },
    "node_modules/@graphql-typed-document-node/core": {
      "version": "3.1.1",
      "resolved": "https://registry.npmjs.org/@graphql-typed-document-node/core/-/core-3.1.1.tgz",
      "integrity": "sha512-NQ17ii0rK1b34VZonlmT2QMJFI70m0TRwbknO/ihlbatXyaktDhN/98vBiUU6kNBPljqGqyIrl2T4nY2RpFANg==",
      "peerDependencies": {
        "graphql": "^0.8.0 || ^0.9.0 || ^0.10.0 || ^0.11.0 || ^0.12.0 || ^0.13.0 || ^14.0.0 || ^15.0.0 || ^16.0.0"
      }
    },
    "node_modules/@graphql-yoga/subscription": {
      "version": "3.1.0",
      "resolved": "https://registry.npmjs.org/@graphql-yoga/subscription/-/subscription-3.1.0.tgz",
      "integrity": "sha512-Vc9lh8KzIHyS3n4jBlCbz7zCjcbtQnOBpsymcRvHhFr2cuH+knmRn0EmzimMQ58jQ8kxoRXXC3KJS3RIxSdPIg==",
      "dev": true,
      "dependencies": {
        "@graphql-yoga/typed-event-target": "^1.0.0",
        "@repeaterjs/repeater": "^3.0.4",
        "@whatwg-node/events": "0.0.2",
        "tslib": "^2.3.1"
      }
    },
    "node_modules/@graphql-yoga/typed-event-target": {
      "version": "1.0.0",
      "resolved": "https://registry.npmjs.org/@graphql-yoga/typed-event-target/-/typed-event-target-1.0.0.tgz",
      "integrity": "sha512-Mqni6AEvl3VbpMtKw+TIjc9qS9a8hKhiAjFtqX488yq5oJtj9TkNlFTIacAVS3vnPiswNsmDiQqvwUOcJgi1DA==",
      "dev": true,
      "dependencies": {
        "@repeaterjs/repeater": "^3.0.4",
        "tslib": "^2.3.1"
      }
    },
    "node_modules/@peculiar/asn1-schema": {
      "version": "2.3.3",
      "resolved": "https://registry.npmjs.org/@peculiar/asn1-schema/-/asn1-schema-2.3.3.tgz",
      "integrity": "sha512-6GptMYDMyWBHTUKndHaDsRZUO/XMSgIns2krxcm2L7SEExRHwawFvSwNBhqNPR9HJwv3MruAiF1bhN0we6j6GQ==",
      "dev": true,
      "dependencies": {
        "asn1js": "^3.0.5",
        "pvtsutils": "^1.3.2",
        "tslib": "^2.4.0"
      }
    },
    "node_modules/@peculiar/json-schema": {
      "version": "1.1.12",
      "resolved": "https://registry.npmjs.org/@peculiar/json-schema/-/json-schema-1.1.12.tgz",
      "integrity": "sha512-coUfuoMeIB7B8/NMekxaDzLhaYmp0HZNPEjYRm9goRou8UZIC3z21s0sL9AWoCw4EG876QyO3kYrc61WNF9B/w==",
      "dev": true,
      "dependencies": {
        "tslib": "^2.0.0"
      },
      "engines": {
        "node": ">=8.0.0"
      }
    },
    "node_modules/@peculiar/webcrypto": {
      "version": "1.4.1",
      "resolved": "https://registry.npmjs.org/@peculiar/webcrypto/-/webcrypto-1.4.1.tgz",
      "integrity": "sha512-eK4C6WTNYxoI7JOabMoZICiyqRRtJB220bh0Mbj5RwRycleZf9BPyZoxsTvpP0FpmVS2aS13NKOuh5/tN3sIRw==",
      "dev": true,
      "dependencies": {
        "@peculiar/asn1-schema": "^2.3.0",
        "@peculiar/json-schema": "^1.1.12",
        "pvtsutils": "^1.3.2",
        "tslib": "^2.4.1",
        "webcrypto-core": "^1.7.4"
      },
      "engines": {
        "node": ">=10.12.0"
      }
    },
    "node_modules/@repeaterjs/repeater": {
      "version": "3.0.4",
      "resolved": "https://registry.npmjs.org/@repeaterjs/repeater/-/repeater-3.0.4.tgz",
      "integrity": "sha512-AW8PKd6iX3vAZ0vA43nOUOnbq/X5ihgU+mSXXqunMkeQADGiqw/PY0JNeYtD5sr0PAy51YPgAPbDoeapv9r8WA==",
      "dev": true
    },
    "node_modules/@types/node": {
      "version": "18.13.0",
      "resolved": "https://registry.npmjs.org/@types/node/-/node-18.13.0.tgz",
      "integrity": "sha512-gC3TazRzGoOnoKAhUx+Q0t8S9Tzs74z7m0ipwGpSqQrleP14hKxP4/JUeEQcD3W1/aIpnWl8pHowI7WokuZpXg==",
      "dev": true,
      "peer": true
    },
    "node_modules/@whatwg-node/events": {
      "version": "0.0.2",
      "resolved": "https://registry.npmjs.org/@whatwg-node/events/-/events-0.0.2.tgz",
      "integrity": "sha512-WKj/lI4QjnLuPrim0cfO7i+HsDSXHxNv1y0CrJhdntuO3hxWZmnXCwNDnwOvry11OjRin6cgWNF+j/9Pn8TN4w==",
      "dev": true
    },
    "node_modules/@whatwg-node/fetch": {
      "version": "0.8.1",
      "resolved": "https://registry.npmjs.org/@whatwg-node/fetch/-/fetch-0.8.1.tgz",
      "integrity": "sha512-Fkd1qQHK2tAWxKlC85h9L86Lgbq3BzxMnHSnTsnzNZMMzn6Xi+HlN8/LJ90LxorhSqD54td+Q864LgwUaYDj1Q==",
      "dev": true,
      "dependencies": {
        "@peculiar/webcrypto": "^1.4.0",
        "@whatwg-node/node-fetch": "^0.3.0",
        "busboy": "^1.6.0",
        "urlpattern-polyfill": "^6.0.2",
        "web-streams-polyfill": "^3.2.1"
      }
    },
    "node_modules/@whatwg-node/node-fetch": {
      "version": "0.3.0",
      "resolved": "https://registry.npmjs.org/@whatwg-node/node-fetch/-/node-fetch-0.3.0.tgz",
      "integrity": "sha512-mPM8WnuHiI/3kFxDeE0SQQXAElbz4onqmm64fEGCwYEcBes2UsvIDI8HwQIqaXCH42A9ajJUPv4WsYoN/9oG6w==",
      "dev": true,
      "dependencies": {
        "@whatwg-node/events": "^0.0.2",
        "busboy": "^1.6.0",
        "fast-querystring": "^1.1.1",
        "fast-url-parser": "^1.1.3",
        "tslib": "^2.3.1"
      },
      "peerDependencies": {
        "@types/node": "^18.0.6"
      }
    },
    "node_modules/@whatwg-node/server": {
      "version": "0.6.7",
      "resolved": "https://registry.npmjs.org/@whatwg-node/server/-/server-0.6.7.tgz",
      "integrity": "sha512-M4zHWdJ6M1IdcxnZBdDmiUh1bHQ4gPYRxzkH0gh8Qf6MpWJmX6I/MNftqem3GNn+qn1y47qqlGSed7T7nzsRFw==",
      "dev": true,
      "dependencies": {
        "@whatwg-node/fetch": "^0.8.1",
        "tslib": "^2.3.1"
      }
    },
    "node_modules/asn1js": {
      "version": "3.0.5",
      "resolved": "https://registry.npmjs.org/asn1js/-/asn1js-3.0.5.tgz",
      "integrity": "sha512-FVnvrKJwpt9LP2lAMl8qZswRNm3T4q9CON+bxldk2iwk3FFpuwhx2FfinyitizWHsVYyaY+y5JzDR0rCMV5yTQ==",
      "dev": true,
      "dependencies": {
        "pvtsutils": "^1.3.2",
        "pvutils": "^1.1.3",
        "tslib": "^2.4.0"
      },
      "engines": {
        "node": ">=12.0.0"
      }
    },
    "node_modules/braces": {
      "version": "3.0.2",
      "resolved": "https://registry.npmjs.org/braces/-/braces-3.0.2.tgz",
      "integrity": "sha512-b8um+L1RzM3WDSzvhm6gIz1yfTbBt6YTlcEKAvsmqCZZFw46z626lVj9j1yEPW33H5H+lBQpZMP1k8l+78Ha0A==",
      "dev": true,
      "dependencies": {
        "fill-range": "^7.0.1"
      },
      "engines": {
        "node": ">=8"
      }
    },
    "node_modules/bun-types": {
      "version": "0.5.6",
      "resolved": "https://registry.npmjs.org/bun-types/-/bun-types-0.5.6.tgz",
      "integrity": "sha512-c4XXSAo4gA03XE3EIOB1bcLxUvWMzhiE9AQdoZi+3fplNLpyeOw7UJM3o1UCtk00NYZQIbgC/eJ88QrlSdxhxg==",
      "dev": true
    },
    "node_modules/busboy": {
      "version": "1.6.0",
      "resolved": "https://registry.npmjs.org/busboy/-/busboy-1.6.0.tgz",
      "integrity": "sha512-8SFQbg/0hQ9xy3UNTB0YEnsNBbWfhf7RtnzpL7TkBiTBRfrQ9Fxcnz7VJsleJpyp6rVLvXiuORqjlHi5q+PYuA==",
      "dev": true,
      "dependencies": {
        "streamsearch": "^1.1.0"
      },
      "engines": {
        "node": ">=10.16.0"
      }
    },
    "node_modules/dset": {
      "version": "3.1.2",
      "resolved": "https://registry.npmjs.org/dset/-/dset-3.1.2.tgz",
      "integrity": "sha512-g/M9sqy3oHe477Ar4voQxWtaPIFw1jTdKZuomOjhCcBx9nHUNn0pu6NopuFFrTh/TRZIKEj+76vLWFu9BNKk+Q==",
      "dev": true,
      "engines": {
        "node": ">=4"
      }
    },
    "node_modules/fast-decode-uri-component": {
      "version": "1.0.1",
      "resolved": "https://registry.npmjs.org/fast-decode-uri-component/-/fast-decode-uri-component-1.0.1.tgz",
      "integrity": "sha512-WKgKWg5eUxvRZGwW8FvfbaH7AXSh2cL+3j5fMGzUMCxWBJ3dV3a7Wz8y2f/uQ0e3B6WmodD3oS54jTQ9HVTIIg==",
      "dev": true
    },
    "node_modules/fast-json-stable-stringify": {
      "version": "2.1.0",
      "resolved": "https://registry.npmjs.org/fast-json-stable-stringify/-/fast-json-stable-stringify-2.1.0.tgz",
      "integrity": "sha512-lhd/wF+Lk98HZoTCtlVraHtfh5XYijIjalXck7saUtuanSDyLMxnHhSXEDJqHxD7msR8D0uCmqlkwjCV8xvwHw==",
      "dev": true
    },
    "node_modules/fast-querystring": {
      "version": "1.1.1",
      "resolved": "https://registry.npmjs.org/fast-querystring/-/fast-querystring-1.1.1.tgz",
      "integrity": "sha512-qR2r+e3HvhEFmpdHMv//U8FnFlnYjaC6QKDuaXALDkw2kvHO8WDjxH+f/rHGR4Me4pnk8p9JAkRNTjYHAKRn2Q==",
      "dev": true,
      "dependencies": {
        "fast-decode-uri-component": "^1.0.1"
      }
    },
    "node_modules/fast-url-parser": {
      "version": "1.1.3",
      "resolved": "https://registry.npmjs.org/fast-url-parser/-/fast-url-parser-1.1.3.tgz",
      "integrity": "sha512-5jOCVXADYNuRkKFzNJ0dCCewsZiYo0dz8QNYljkOpFC6r2U4OBmKtvm/Tsuh4w1YYdDqDb31a8TVhBJ2OJKdqQ==",
      "dev": true,
      "dependencies": {
        "punycode": "^1.3.2"
      }
    },
    "node_modules/fill-range": {
      "version": "7.0.1",
      "resolved": "https://registry.npmjs.org/fill-range/-/fill-range-7.0.1.tgz",
      "integrity": "sha512-qOo9F+dMUmC2Lcb4BbVvnKJxTPjCm+RRpe4gDuGrzkL7mEVl/djYSu2OdQ2Pa302N4oqkSg9ir6jaLWJ2USVpQ==",
      "dev": true,
      "dependencies": {
        "to-regex-range": "^5.0.1"
      },
      "engines": {
        "node": ">=8"
      }
    },
    "node_modules/graphql": {
      "version": "16.6.0",
      "resolved": "https://registry.npmjs.org/graphql/-/graphql-16.6.0.tgz",
      "integrity": "sha512-KPIBPDlW7NxrbT/eh4qPXz5FiFdL5UbaA0XUNz2Rp3Z3hqBSkbj0GVjwFDztsWVauZUWsbKHgMg++sk8UX0bkw==",
      "peer": true,
      "engines": {
        "node": "^12.22.0 || ^14.16.0 || ^16.0.0 || >=17.0.0"
      }
    },
    "node_modules/graphql-compose": {
      "version": "9.0.10",
      "resolved": "https://registry.npmjs.org/graphql-compose/-/graphql-compose-9.0.10.tgz",
      "integrity": "sha512-UsVoxfi2+c8WbHl2pEB+teoRRZoY4mbWBoijeLDGpAZBSPChnqtSRjp+T9UcouLCwGr5ooNyOQLoI3OVzU1bPQ==",
      "dependencies": {
        "graphql-type-json": "0.3.2"
      }
    },
    "node_modules/graphql-type-json": {
      "version": "0.3.2",
      "resolved": "https://registry.npmjs.org/graphql-type-json/-/graphql-type-json-0.3.2.tgz",
      "integrity": "sha512-J+vjof74oMlCWXSvt0DOf2APEdZOCdubEvGDUAlqH//VBYcOYsGgRW7Xzorr44LvkjiuvecWc8fChxuZZbChtg==",
      "peerDependencies": {
        "graphql": ">=0.8.0"
      }
    },
    "node_modules/graphql-yoga": {
      "version": "3.6.0",
      "resolved": "https://registry.npmjs.org/graphql-yoga/-/graphql-yoga-3.6.0.tgz",
      "integrity": "sha512-CY4k6/+EPwy/QXfMMkjdcHaUhWEUm7Djd+UxIoY6aJDGfxLF9D3OpBeD7pyxV4pvlRrxp9MEGKZ6kN6LTiVJ/A==",
      "dev": true,
      "dependencies": {
        "@envelop/core": "^3.0.4",
        "@envelop/validation-cache": "^5.0.5",
        "@graphql-tools/executor": "^0.0.14",
        "@graphql-tools/schema": "^9.0.0",
        "@graphql-tools/utils": "^9.2.1",
        "@graphql-yoga/subscription": "^3.1.0",
        "@whatwg-node/fetch": "^0.8.1",
        "@whatwg-node/server": "^0.6.7",
        "dset": "^3.1.1",
        "lru-cache": "^7.14.1",
        "tslib": "^2.3.1"
      },
      "peerDependencies": {
        "graphql": "^15.2.0 || ^16.0.0"
      }
    },
    "node_modules/is-number": {
      "version": "7.0.0",
      "resolved": "https://registry.npmjs.org/is-number/-/is-number-7.0.0.tgz",
      "integrity": "sha512-41Cifkg6e8TylSpdtTpeLVMqvSBEVzTttHvERD741+pnZ8ANv0004MRL43QKPDlK9cGvNp6NZWZUBlbGXYxxng==",
      "dev": true,
      "engines": {
        "node": ">=0.12.0"
      }
    },
    "node_modules/js-sha1": {
      "version": "0.6.0",
      "resolved": "https://registry.npmjs.org/js-sha1/-/js-sha1-0.6.0.tgz",
      "integrity": "sha512-01gwBFreYydzmU9BmZxpVk6svJJHrVxEN3IOiGl6VO93bVKYETJ0sIth6DASI6mIFdt7NmfX9UiByRzsYHGU9w==",
      "dev": true
    },
    "node_modules/lru-cache": {
      "version": "7.14.1",
      "resolved": "https://registry.npmjs.org/lru-cache/-/lru-cache-7.14.1.tgz",
      "integrity": "sha512-ysxwsnTKdAx96aTRdhDOCQfDgbHnt8SK0KY8SEjO0wHinhWOFTESbjVCMPbU1uGXg/ch4lifqx0wfjOawU2+WA==",
      "dev": true,
      "engines": {
        "node": ">=12"
      }
    },
    "node_modules/punycode": {
      "version": "1.4.1",
      "resolved": "https://registry.npmjs.org/punycode/-/punycode-1.4.1.tgz",
      "integrity": "sha512-jmYNElW7yvO7TV33CjSmvSiE2yco3bV2czu/OzDKdMNVZQWfxCblURLhf+47syQRBntjfLdd/H0egrzIG+oaFQ==",
      "dev": true
    },
    "node_modules/pvtsutils": {
      "version": "1.3.2",
      "resolved": "https://registry.npmjs.org/pvtsutils/-/pvtsutils-1.3.2.tgz",
      "integrity": "sha512-+Ipe2iNUyrZz+8K/2IOo+kKikdtfhRKzNpQbruF2URmqPtoqAs8g3xS7TJvFF2GcPXjh7DkqMnpVveRFq4PgEQ==",
      "dev": true,
      "dependencies": {
        "tslib": "^2.4.0"
      }
    },
    "node_modules/pvutils": {
      "version": "1.1.3",
      "resolved": "https://registry.npmjs.org/pvutils/-/pvutils-1.1.3.tgz",
      "integrity": "sha512-pMpnA0qRdFp32b1sJl1wOJNxZLQ2cbQx+k6tjNtZ8CpvVhNqEPRgivZ2WOUev2YMajecdH7ctUPDvEe87nariQ==",
      "dev": true,
      "engines": {
        "node": ">=6.0.0"
      }
    },
    "node_modules/streamsearch": {
      "version": "1.1.0",
      "resolved": "https://registry.npmjs.org/streamsearch/-/streamsearch-1.1.0.tgz",
      "integrity": "sha512-Mcc5wHehp9aXz1ax6bZUyY5afg9u2rv5cqQI3mRrYkGC8rW2hM02jWuwjtL++LS5qinSyhj2QfLyNsuc+VsExg==",
      "dev": true,
      "engines": {
        "node": ">=10.0.0"
      }
    },
    "node_modules/to-regex-range": {
      "version": "5.0.1",
      "resolved": "https://registry.npmjs.org/to-regex-range/-/to-regex-range-5.0.1.tgz",
      "integrity": "sha512-65P7iz6X5yEr1cwcgvQxbbIw7Uk3gOy5dIdtZ4rDveLqhrdJP+Li/Hx6tyK0NEb+2GCyneCMJiGqrADCSNk8sQ==",
      "dev": true,
      "dependencies": {
        "is-number": "^7.0.0"
      },
      "engines": {
        "node": ">=8.0"
      }
    },
    "node_modules/tslib": {
      "version": "2.5.0",
      "resolved": "https://registry.npmjs.org/tslib/-/tslib-2.5.0.tgz",
      "integrity": "sha512-336iVw3rtn2BUK7ORdIAHTyxHGRIHVReokCR3XjbckJMK7ms8FysBfhLR8IXnAgy7T0PTPNBWKiH514FOW/WSg=="
    },
    "node_modules/typescript": {
      "version": "4.9.5",
      "resolved": "https://registry.npmjs.org/typescript/-/typescript-4.9.5.tgz",
      "integrity": "sha512-1FXk9E2Hm+QzZQ7z+McJiHL4NW1F2EzMu9Nq9i3zAaGqibafqYwCVU6WyWAuyQRRzOlxou8xZSyXLEN8oKj24g==",
      "dev": true,
      "bin": {
        "tsc": "bin/tsc",
        "tsserver": "bin/tsserver"
      },
      "engines": {
        "node": ">=4.2.0"
      }
    },
    "node_modules/urlpattern-polyfill": {
      "version": "6.0.2",
      "resolved": "https://registry.npmjs.org/urlpattern-polyfill/-/urlpattern-polyfill-6.0.2.tgz",
      "integrity": "sha512-5vZjFlH9ofROmuWmXM9yj2wljYKgWstGwe8YTyiqM7hVum/g9LyCizPZtb3UqsuppVwety9QJmfc42VggLpTgg==",
      "dev": true,
      "dependencies": {
        "braces": "^3.0.2"
      }
    },
    "node_modules/value-or-promise": {
      "version": "1.0.12",
      "resolved": "https://registry.npmjs.org/value-or-promise/-/value-or-promise-1.0.12.tgz",
      "integrity": "sha512-Z6Uz+TYwEqE7ZN50gwn+1LCVo9ZVrpxRPOhOLnncYkY1ZzOYtrX8Fwf/rFktZ8R5mJms6EZf5TqNOMeZmnPq9Q==",
      "engines": {
        "node": ">=12"
      }
    },
    "node_modules/web-streams-polyfill": {
      "version": "3.2.1",
      "resolved": "https://registry.npmjs.org/web-streams-polyfill/-/web-streams-polyfill-3.2.1.tgz",
      "integrity": "sha512-e0MO3wdXWKrLbL0DgGnUV7WHVuw9OUvL4hjgnPkIeEvESk74gAITi5G606JtZPp39cd8HA9VQzCIvA49LpPN5Q==",
      "dev": true,
      "engines": {
        "node": ">= 8"
      }
    },
    "node_modules/webcrypto-core": {
      "version": "1.7.6",
      "resolved": "https://registry.npmjs.org/webcrypto-core/-/webcrypto-core-1.7.6.tgz",
      "integrity": "sha512-TBPiewB4Buw+HI3EQW+Bexm19/W4cP/qZG/02QJCXN+iN+T5sl074vZ3rJcle/ZtDBQSgjkbsQO/1eFcxnSBUA==",
      "dev": true,
      "dependencies": {
        "@peculiar/asn1-schema": "^2.1.6",
        "@peculiar/json-schema": "^1.1.12",
        "asn1js": "^3.0.1",
        "pvtsutils": "^1.3.2",
        "tslib": "^2.4.0"
      }
    },
    "node_modules/yallist": {
      "version": "4.0.0",
      "resolved": "https://registry.npmjs.org/yallist/-/yallist-4.0.0.tgz",
      "integrity": "sha512-3wdGidZyq5PB084XLES5TpOSRA3wjXAlIWMhum2kRcv/41Sn2emQ0dycQW4uZXLejwKvg6EsvbdlVL+FYEct7A==",
      "dev": true
    }
  },
  "dependencies": {
    "@envelop/core": {
      "version": "3.0.4",
      "resolved": "https://registry.npmjs.org/@envelop/core/-/core-3.0.4.tgz",
      "integrity": "sha512-AybIZxQsDlFQTWHy6YtX/MSQPVuw+eOFtTW90JsHn6EbmcQnD6N3edQfSiTGjggPRHLoC0+0cuYXp2Ly2r3vrQ==",
      "dev": true,
      "requires": {
        "@envelop/types": "3.0.1",
        "tslib": "2.4.0"
      },
      "dependencies": {
        "tslib": {
          "version": "2.4.0",
          "resolved": "https://registry.npmjs.org/tslib/-/tslib-2.4.0.tgz",
          "integrity": "sha512-d6xOpEDfsi2CZVlPQzGeux8XMwLT9hssAsaPYExaQMuYskwb+x1x7J371tWlbBdWHroy99KnVB6qIkUbs5X3UQ==",
          "dev": true
        }
      }
    },
    "@envelop/types": {
      "version": "3.0.1",
      "resolved": "https://registry.npmjs.org/@envelop/types/-/types-3.0.1.tgz",
      "integrity": "sha512-Ok62K1K+rlS+wQw77k8Pis8+1/h7+/9Wk5Fgcc2U6M5haEWsLFAHcHsk8rYlnJdEUl2Y3yJcCSOYbt1dyTaU5w==",
      "dev": true,
      "requires": {
        "tslib": "^2.4.0"
      }
    },
    "@envelop/validation-cache": {
      "version": "5.1.0",
      "resolved": "https://registry.npmjs.org/@envelop/validation-cache/-/validation-cache-5.1.0.tgz",
      "integrity": "sha512-X0hr7lcT9Ye4Sm43JPaSawmhFl5Uf67z8OEIyphWY4DUNRlY6VClQZRMGP+8iAo9EFcRspvmszBI8b/65JwHaA==",
      "dev": true,
      "requires": {
        "fast-json-stable-stringify": "^2.1.0",
        "js-sha1": "^0.6.0",
        "lru-cache": "^6.0.0",
        "tslib": "^2.4.0"
      },
      "dependencies": {
        "lru-cache": {
          "version": "6.0.0",
          "resolved": "https://registry.npmjs.org/lru-cache/-/lru-cache-6.0.0.tgz",
          "integrity": "sha512-Jo6dJ04CmSjuznwJSS3pUeWmd/H0ffTlkXXgwZi+eq1UCmqQwCh+eLsYOYCwY991i2Fah4h1BEMCx4qThGbsiA==",
          "dev": true,
          "requires": {
            "yallist": "^4.0.0"
          }
        }
      }
    },
    "@graphql-tools/executor": {
      "version": "0.0.14",
      "resolved": "https://registry.npmjs.org/@graphql-tools/executor/-/executor-0.0.14.tgz",
      "integrity": "sha512-YiBbN9NT0FgqPJ35+Eg0ty1s5scOZTgiPf+6hLVJBd5zHEURwojEMCTKJ9e0RNZHETp2lN+YaTFGTSoRk0t4Sw==",
      "dev": true,
      "requires": {
        "@graphql-tools/utils": "9.2.1",
        "@graphql-typed-document-node/core": "3.1.1",
        "@repeaterjs/repeater": "3.0.4",
        "tslib": "^2.4.0",
        "value-or-promise": "1.0.12"
      }
    },
    "@graphql-tools/merge": {
      "version": "8.3.18",
      "resolved": "https://registry.npmjs.org/@graphql-tools/merge/-/merge-8.3.18.tgz",
      "integrity": "sha512-R8nBglvRWPAyLpZL/f3lxsY7wjnAeE0l056zHhcO/CgpvK76KYUt9oEkR05i8Hmt8DLRycBN0FiotJ0yDQWTVA==",
      "requires": {
        "@graphql-tools/utils": "9.2.1",
        "tslib": "^2.4.0"
      }
    },
    "@graphql-tools/schema": {
      "version": "9.0.16",
      "resolved": "https://registry.npmjs.org/@graphql-tools/schema/-/schema-9.0.16.tgz",
      "integrity": "sha512-kF+tbYPPf/6K2aHG3e1SWIbapDLQaqnIHVRG6ow3onkFoowwtKszvUyOASL6Krcv2x9bIMvd1UkvRf9OaoROQQ==",
      "requires": {
        "@graphql-tools/merge": "8.3.18",
        "@graphql-tools/utils": "9.2.1",
        "tslib": "^2.4.0",
        "value-or-promise": "1.0.12"
      }
    },
    "@graphql-tools/utils": {
      "version": "9.2.1",
      "resolved": "https://registry.npmjs.org/@graphql-tools/utils/-/utils-9.2.1.tgz",
      "integrity": "sha512-WUw506Ql6xzmOORlriNrD6Ugx+HjVgYxt9KCXD9mHAak+eaXSwuGGPyE60hy9xaDEoXKBsG7SkG69ybitaVl6A==",
      "requires": {
        "@graphql-typed-document-node/core": "^3.1.1",
        "tslib": "^2.4.0"
      }
    },
    "@graphql-typed-document-node/core": {
      "version": "3.1.1",
      "resolved": "https://registry.npmjs.org/@graphql-typed-document-node/core/-/core-3.1.1.tgz",
      "integrity": "sha512-NQ17ii0rK1b34VZonlmT2QMJFI70m0TRwbknO/ihlbatXyaktDhN/98vBiUU6kNBPljqGqyIrl2T4nY2RpFANg==",
      "requires": {}
    },
    "@graphql-yoga/subscription": {
      "version": "3.1.0",
      "resolved": "https://registry.npmjs.org/@graphql-yoga/subscription/-/subscription-3.1.0.tgz",
      "integrity": "sha512-Vc9lh8KzIHyS3n4jBlCbz7zCjcbtQnOBpsymcRvHhFr2cuH+knmRn0EmzimMQ58jQ8kxoRXXC3KJS3RIxSdPIg==",
      "dev": true,
      "requires": {
        "@graphql-yoga/typed-event-target": "^1.0.0",
        "@repeaterjs/repeater": "^3.0.4",
        "@whatwg-node/events": "0.0.2",
        "tslib": "^2.3.1"
      }
    },
    "@graphql-yoga/typed-event-target": {
      "version": "1.0.0",
      "resolved": "https://registry.npmjs.org/@graphql-yoga/typed-event-target/-/typed-event-target-1.0.0.tgz",
      "integrity": "sha512-Mqni6AEvl3VbpMtKw+TIjc9qS9a8hKhiAjFtqX488yq5oJtj9TkNlFTIacAVS3vnPiswNsmDiQqvwUOcJgi1DA==",
      "dev": true,
      "requires": {
        "@repeaterjs/repeater": "^3.0.4",
        "tslib": "^2.3.1"
      }
    },
    "@peculiar/asn1-schema": {
      "version": "2.3.3",
      "resolved": "https://registry.npmjs.org/@peculiar/asn1-schema/-/asn1-schema-2.3.3.tgz",
      "integrity": "sha512-6GptMYDMyWBHTUKndHaDsRZUO/XMSgIns2krxcm2L7SEExRHwawFvSwNBhqNPR9HJwv3MruAiF1bhN0we6j6GQ==",
      "dev": true,
      "requires": {
        "asn1js": "^3.0.5",
        "pvtsutils": "^1.3.2",
        "tslib": "^2.4.0"
      }
    },
    "@peculiar/json-schema": {
      "version": "1.1.12",
      "resolved": "https://registry.npmjs.org/@peculiar/json-schema/-/json-schema-1.1.12.tgz",
      "integrity": "sha512-coUfuoMeIB7B8/NMekxaDzLhaYmp0HZNPEjYRm9goRou8UZIC3z21s0sL9AWoCw4EG876QyO3kYrc61WNF9B/w==",
      "dev": true,
      "requires": {
        "tslib": "^2.0.0"
      }
    },
    "@peculiar/webcrypto": {
      "version": "1.4.1",
      "resolved": "https://registry.npmjs.org/@peculiar/webcrypto/-/webcrypto-1.4.1.tgz",
      "integrity": "sha512-eK4C6WTNYxoI7JOabMoZICiyqRRtJB220bh0Mbj5RwRycleZf9BPyZoxsTvpP0FpmVS2aS13NKOuh5/tN3sIRw==",
      "dev": true,
      "requires": {
        "@peculiar/asn1-schema": "^2.3.0",
        "@peculiar/json-schema": "^1.1.12",
        "pvtsutils": "^1.3.2",
        "tslib": "^2.4.1",
        "webcrypto-core": "^1.7.4"
      }
    },
    "@repeaterjs/repeater": {
      "version": "3.0.4",
      "resolved": "https://registry.npmjs.org/@repeaterjs/repeater/-/repeater-3.0.4.tgz",
      "integrity": "sha512-AW8PKd6iX3vAZ0vA43nOUOnbq/X5ihgU+mSXXqunMkeQADGiqw/PY0JNeYtD5sr0PAy51YPgAPbDoeapv9r8WA==",
      "dev": true
    },
    "@types/node": {
      "version": "18.13.0",
      "resolved": "https://registry.npmjs.org/@types/node/-/node-18.13.0.tgz",
      "integrity": "sha512-gC3TazRzGoOnoKAhUx+Q0t8S9Tzs74z7m0ipwGpSqQrleP14hKxP4/JUeEQcD3W1/aIpnWl8pHowI7WokuZpXg==",
      "dev": true,
      "peer": true
    },
    "@whatwg-node/events": {
      "version": "0.0.2",
      "resolved": "https://registry.npmjs.org/@whatwg-node/events/-/events-0.0.2.tgz",
      "integrity": "sha512-WKj/lI4QjnLuPrim0cfO7i+HsDSXHxNv1y0CrJhdntuO3hxWZmnXCwNDnwOvry11OjRin6cgWNF+j/9Pn8TN4w==",
      "dev": true
    },
    "@whatwg-node/fetch": {
      "version": "0.8.1",
      "resolved": "https://registry.npmjs.org/@whatwg-node/fetch/-/fetch-0.8.1.tgz",
      "integrity": "sha512-Fkd1qQHK2tAWxKlC85h9L86Lgbq3BzxMnHSnTsnzNZMMzn6Xi+HlN8/LJ90LxorhSqD54td+Q864LgwUaYDj1Q==",
      "dev": true,
      "requires": {
        "@peculiar/webcrypto": "^1.4.0",
        "@whatwg-node/node-fetch": "^0.3.0",
        "busboy": "^1.6.0",
        "urlpattern-polyfill": "^6.0.2",
        "web-streams-polyfill": "^3.2.1"
      }
    },
    "@whatwg-node/node-fetch": {
      "version": "0.3.0",
      "resolved": "https://registry.npmjs.org/@whatwg-node/node-fetch/-/node-fetch-0.3.0.tgz",
      "integrity": "sha512-mPM8WnuHiI/3kFxDeE0SQQXAElbz4onqmm64fEGCwYEcBes2UsvIDI8HwQIqaXCH42A9ajJUPv4WsYoN/9oG6w==",
      "dev": true,
      "requires": {
        "@whatwg-node/events": "^0.0.2",
        "busboy": "^1.6.0",
        "fast-querystring": "^1.1.1",
        "fast-url-parser": "^1.1.3",
        "tslib": "^2.3.1"
      }
    },
    "@whatwg-node/server": {
      "version": "0.6.7",
      "resolved": "https://registry.npmjs.org/@whatwg-node/server/-/server-0.6.7.tgz",
      "integrity": "sha512-M4zHWdJ6M1IdcxnZBdDmiUh1bHQ4gPYRxzkH0gh8Qf6MpWJmX6I/MNftqem3GNn+qn1y47qqlGSed7T7nzsRFw==",
      "dev": true,
      "requires": {
        "@whatwg-node/fetch": "^0.8.1",
        "tslib": "^2.3.1"
      }
    },
    "asn1js": {
      "version": "3.0.5",
      "resolved": "https://registry.npmjs.org/asn1js/-/asn1js-3.0.5.tgz",
      "integrity": "sha512-FVnvrKJwpt9LP2lAMl8qZswRNm3T4q9CON+bxldk2iwk3FFpuwhx2FfinyitizWHsVYyaY+y5JzDR0rCMV5yTQ==",
      "dev": true,
      "requires": {
        "pvtsutils": "^1.3.2",
        "pvutils": "^1.1.3",
        "tslib": "^2.4.0"
      }
    },
    "braces": {
      "version": "3.0.2",
      "resolved": "https://registry.npmjs.org/braces/-/braces-3.0.2.tgz",
      "integrity": "sha512-b8um+L1RzM3WDSzvhm6gIz1yfTbBt6YTlcEKAvsmqCZZFw46z626lVj9j1yEPW33H5H+lBQpZMP1k8l+78Ha0A==",
      "dev": true,
      "requires": {
        "fill-range": "^7.0.1"
      }
    },
    "bun-types": {
      "version": "0.5.6",
      "resolved": "https://registry.npmjs.org/bun-types/-/bun-types-0.5.6.tgz",
      "integrity": "sha512-c4XXSAo4gA03XE3EIOB1bcLxUvWMzhiE9AQdoZi+3fplNLpyeOw7UJM3o1UCtk00NYZQIbgC/eJ88QrlSdxhxg==",
      "dev": true
    },
    "busboy": {
      "version": "1.6.0",
      "resolved": "https://registry.npmjs.org/busboy/-/busboy-1.6.0.tgz",
      "integrity": "sha512-8SFQbg/0hQ9xy3UNTB0YEnsNBbWfhf7RtnzpL7TkBiTBRfrQ9Fxcnz7VJsleJpyp6rVLvXiuORqjlHi5q+PYuA==",
      "dev": true,
      "requires": {
        "streamsearch": "^1.1.0"
      }
    },
    "dset": {
      "version": "3.1.2",
      "resolved": "https://registry.npmjs.org/dset/-/dset-3.1.2.tgz",
      "integrity": "sha512-g/M9sqy3oHe477Ar4voQxWtaPIFw1jTdKZuomOjhCcBx9nHUNn0pu6NopuFFrTh/TRZIKEj+76vLWFu9BNKk+Q==",
      "dev": true
    },
    "fast-decode-uri-component": {
      "version": "1.0.1",
      "resolved": "https://registry.npmjs.org/fast-decode-uri-component/-/fast-decode-uri-component-1.0.1.tgz",
      "integrity": "sha512-WKgKWg5eUxvRZGwW8FvfbaH7AXSh2cL+3j5fMGzUMCxWBJ3dV3a7Wz8y2f/uQ0e3B6WmodD3oS54jTQ9HVTIIg==",
      "dev": true
    },
    "fast-json-stable-stringify": {
      "version": "2.1.0",
      "resolved": "https://registry.npmjs.org/fast-json-stable-stringify/-/fast-json-stable-stringify-2.1.0.tgz",
      "integrity": "sha512-lhd/wF+Lk98HZoTCtlVraHtfh5XYijIjalXck7saUtuanSDyLMxnHhSXEDJqHxD7msR8D0uCmqlkwjCV8xvwHw==",
      "dev": true
    },
    "fast-querystring": {
      "version": "1.1.1",
      "resolved": "https://registry.npmjs.org/fast-querystring/-/fast-querystring-1.1.1.tgz",
      "integrity": "sha512-qR2r+e3HvhEFmpdHMv//U8FnFlnYjaC6QKDuaXALDkw2kvHO8WDjxH+f/rHGR4Me4pnk8p9JAkRNTjYHAKRn2Q==",
      "dev": true,
      "requires": {
        "fast-decode-uri-component": "^1.0.1"
      }
    },
    "fast-url-parser": {
      "version": "1.1.3",
      "resolved": "https://registry.npmjs.org/fast-url-parser/-/fast-url-parser-1.1.3.tgz",
      "integrity": "sha512-5jOCVXADYNuRkKFzNJ0dCCewsZiYo0dz8QNYljkOpFC6r2U4OBmKtvm/Tsuh4w1YYdDqDb31a8TVhBJ2OJKdqQ==",
      "dev": true,
      "requires": {
        "punycode": "^1.3.2"
      }
    },
    "fill-range": {
      "version": "7.0.1",
      "resolved": "https://registry.npmjs.org/fill-range/-/fill-range-7.0.1.tgz",
      "integrity": "sha512-qOo9F+dMUmC2Lcb4BbVvnKJxTPjCm+RRpe4gDuGrzkL7mEVl/djYSu2OdQ2Pa302N4oqkSg9ir6jaLWJ2USVpQ==",
      "dev": true,
      "requires": {
        "to-regex-range": "^5.0.1"
      }
    },
    "graphql": {
      "version": "16.6.0",
      "resolved": "https://registry.npmjs.org/graphql/-/graphql-16.6.0.tgz",
      "integrity": "sha512-KPIBPDlW7NxrbT/eh4qPXz5FiFdL5UbaA0XUNz2Rp3Z3hqBSkbj0GVjwFDztsWVauZUWsbKHgMg++sk8UX0bkw==",
      "peer": true
    },
    "graphql-compose": {
      "version": "9.0.10",
      "resolved": "https://registry.npmjs.org/graphql-compose/-/graphql-compose-9.0.10.tgz",
      "integrity": "sha512-UsVoxfi2+c8WbHl2pEB+teoRRZoY4mbWBoijeLDGpAZBSPChnqtSRjp+T9UcouLCwGr5ooNyOQLoI3OVzU1bPQ==",
      "requires": {
        "graphql-type-json": "0.3.2"
      }
    },
    "graphql-type-json": {
      "version": "0.3.2",
      "resolved": "https://registry.npmjs.org/graphql-type-json/-/graphql-type-json-0.3.2.tgz",
      "integrity": "sha512-J+vjof74oMlCWXSvt0DOf2APEdZOCdubEvGDUAlqH//VBYcOYsGgRW7Xzorr44LvkjiuvecWc8fChxuZZbChtg==",
      "requires": {}
    },
    "graphql-yoga": {
      "version": "3.6.0",
      "resolved": "https://registry.npmjs.org/graphql-yoga/-/graphql-yoga-3.6.0.tgz",
      "integrity": "sha512-CY4k6/+EPwy/QXfMMkjdcHaUhWEUm7Djd+UxIoY6aJDGfxLF9D3OpBeD7pyxV4pvlRrxp9MEGKZ6kN6LTiVJ/A==",
      "dev": true,
      "requires": {
        "@envelop/core": "^3.0.4",
        "@envelop/validation-cache": "^5.0.5",
        "@graphql-tools/executor": "^0.0.14",
        "@graphql-tools/schema": "^9.0.0",
        "@graphql-tools/utils": "^9.2.1",
        "@graphql-yoga/subscription": "^3.1.0",
        "@whatwg-node/fetch": "^0.8.1",
        "@whatwg-node/server": "^0.6.7",
        "dset": "^3.1.1",
        "lru-cache": "^7.14.1",
        "tslib": "^2.3.1"
      }
    },
    "is-number": {
      "version": "7.0.0",
      "resolved": "https://registry.npmjs.org/is-number/-/is-number-7.0.0.tgz",
      "integrity": "sha512-41Cifkg6e8TylSpdtTpeLVMqvSBEVzTttHvERD741+pnZ8ANv0004MRL43QKPDlK9cGvNp6NZWZUBlbGXYxxng==",
      "dev": true
    },
    "js-sha1": {
      "version": "0.6.0",
      "resolved": "https://registry.npmjs.org/js-sha1/-/js-sha1-0.6.0.tgz",
      "integrity": "sha512-01gwBFreYydzmU9BmZxpVk6svJJHrVxEN3IOiGl6VO93bVKYETJ0sIth6DASI6mIFdt7NmfX9UiByRzsYHGU9w==",
      "dev": true
    },
    "lru-cache": {
      "version": "7.14.1",
      "resolved": "https://registry.npmjs.org/lru-cache/-/lru-cache-7.14.1.tgz",
      "integrity": "sha512-ysxwsnTKdAx96aTRdhDOCQfDgbHnt8SK0KY8SEjO0wHinhWOFTESbjVCMPbU1uGXg/ch4lifqx0wfjOawU2+WA==",
      "dev": true
    },
    "punycode": {
      "version": "1.4.1",
      "resolved": "https://registry.npmjs.org/punycode/-/punycode-1.4.1.tgz",
      "integrity": "sha512-jmYNElW7yvO7TV33CjSmvSiE2yco3bV2czu/OzDKdMNVZQWfxCblURLhf+47syQRBntjfLdd/H0egrzIG+oaFQ==",
      "dev": true
    },
    "pvtsutils": {
      "version": "1.3.2",
      "resolved": "https://registry.npmjs.org/pvtsutils/-/pvtsutils-1.3.2.tgz",
      "integrity": "sha512-+Ipe2iNUyrZz+8K/2IOo+kKikdtfhRKzNpQbruF2URmqPtoqAs8g3xS7TJvFF2GcPXjh7DkqMnpVveRFq4PgEQ==",
      "dev": true,
      "requires": {
        "tslib": "^2.4.0"
      }
    },
    "pvutils": {
      "version": "1.1.3",
      "resolved": "https://registry.npmjs.org/pvutils/-/pvutils-1.1.3.tgz",
      "integrity": "sha512-pMpnA0qRdFp32b1sJl1wOJNxZLQ2cbQx+k6tjNtZ8CpvVhNqEPRgivZ2WOUev2YMajecdH7ctUPDvEe87nariQ==",
      "dev": true
    },
    "streamsearch": {
      "version": "1.1.0",
      "resolved": "https://registry.npmjs.org/streamsearch/-/streamsearch-1.1.0.tgz",
      "integrity": "sha512-Mcc5wHehp9aXz1ax6bZUyY5afg9u2rv5cqQI3mRrYkGC8rW2hM02jWuwjtL++LS5qinSyhj2QfLyNsuc+VsExg==",
      "dev": true
    },
    "to-regex-range": {
      "version": "5.0.1",
      "resolved": "https://registry.npmjs.org/to-regex-range/-/to-regex-range-5.0.1.tgz",
      "integrity": "sha512-65P7iz6X5yEr1cwcgvQxbbIw7Uk3gOy5dIdtZ4rDveLqhrdJP+Li/Hx6tyK0NEb+2GCyneCMJiGqrADCSNk8sQ==",
      "dev": true,
      "requires": {
        "is-number": "^7.0.0"
      }
    },
    "tslib": {
      "version": "2.5.0",
      "resolved": "https://registry.npmjs.org/tslib/-/tslib-2.5.0.tgz",
      "integrity": "sha512-336iVw3rtn2BUK7ORdIAHTyxHGRIHVReokCR3XjbckJMK7ms8FysBfhLR8IXnAgy7T0PTPNBWKiH514FOW/WSg=="
    },
    "typescript": {
      "version": "4.9.5",
      "resolved": "https://registry.npmjs.org/typescript/-/typescript-4.9.5.tgz",
      "integrity": "sha512-1FXk9E2Hm+QzZQ7z+McJiHL4NW1F2EzMu9Nq9i3zAaGqibafqYwCVU6WyWAuyQRRzOlxou8xZSyXLEN8oKj24g==",
      "dev": true
    },
    "urlpattern-polyfill": {
      "version": "6.0.2",
      "resolved": "https://registry.npmjs.org/urlpattern-polyfill/-/urlpattern-polyfill-6.0.2.tgz",
      "integrity": "sha512-5vZjFlH9ofROmuWmXM9yj2wljYKgWstGwe8YTyiqM7hVum/g9LyCizPZtb3UqsuppVwety9QJmfc42VggLpTgg==",
      "dev": true,
      "requires": {
        "braces": "^3.0.2"
      }
    },
    "value-or-promise": {
      "version": "1.0.12",
      "resolved": "https://registry.npmjs.org/value-or-promise/-/value-or-promise-1.0.12.tgz",
      "integrity": "sha512-Z6Uz+TYwEqE7ZN50gwn+1LCVo9ZVrpxRPOhOLnncYkY1ZzOYtrX8Fwf/rFktZ8R5mJms6EZf5TqNOMeZmnPq9Q=="
    },
    "web-streams-polyfill": {
      "version": "3.2.1",
      "resolved": "https://registry.npmjs.org/web-streams-polyfill/-/web-streams-polyfill-3.2.1.tgz",
      "integrity": "sha512-e0MO3wdXWKrLbL0DgGnUV7WHVuw9OUvL4hjgnPkIeEvESk74gAITi5G606JtZPp39cd8HA9VQzCIvA49LpPN5Q==",
      "dev": true
    },
    "webcrypto-core": {
      "version": "1.7.6",
      "resolved": "https://registry.npmjs.org/webcrypto-core/-/webcrypto-core-1.7.6.tgz",
      "integrity": "sha512-TBPiewB4Buw+HI3EQW+Bexm19/W4cP/qZG/02QJCXN+iN+T5sl074vZ3rJcle/ZtDBQSgjkbsQO/1eFcxnSBUA==",
      "dev": true,
      "requires": {
        "@peculiar/asn1-schema": "^2.1.6",
        "@peculiar/json-schema": "^1.1.12",
        "asn1js": "^3.0.1",
        "pvtsutils": "^1.3.2",
        "tslib": "^2.4.0"
      }
    },
    "yallist": {
      "version": "4.0.0",
      "resolved": "https://registry.npmjs.org/yallist/-/yallist-4.0.0.tgz",
      "integrity": "sha512-3wdGidZyq5PB084XLES5TpOSRA3wjXAlIWMhum2kRcv/41Sn2emQ0dycQW4uZXLejwKvg6EsvbdlVL+FYEct7A==",
      "dev": true
    }
  }
}
