{
  "name": "minizod",
  "lockfileVersion": 2,
  "requires": true,
  "packages": {
    "": {
      "dependencies": {
        "graphql": "^16.6.0",
        "graphql-yoga": "^3.5.1"
      }
    },
    "node_modules/@envelop/core": {
      "version": "3.0.4",
      "resolved": "https://registry.npmjs.org/@envelop/core/-/core-3.0.4.tgz",
      "integrity": "sha512-AybIZxQsDlFQTWHy6YtX/MSQPVuw+eOFtTW90JsHn6EbmcQnD6N3edQfSiTGjggPRHLoC0+0cuYXp2Ly2r3vrQ==",
      "dependencies": {
        "@envelop/types": "3.0.1",
        "tslib": "2.4.0"
      }
    },
    "node_modules/@envelop/core/node_modules/tslib": {
      "version": "2.4.0",
      "resolved": "https://registry.npmjs.org/tslib/-/tslib-2.4.0.tgz",
      "integrity": "sha512-d6xOpEDfsi2CZVlPQzGeux8XMwLT9hssAsaPYExaQMuYskwb+x1x7J371tWlbBdWHroy99KnVB6qIkUbs5X3UQ=="
    },
    "node_modules/@envelop/parser-cache": {
      "version": "5.0.4",
      "resolved": "https://registry.npmjs.org/@envelop/parser-cache/-/parser-cache-5.0.4.tgz",
      "integrity": "sha512-+kp6nzCVLYI2WQExQcE3FSy6n9ZGB5GYi+ntyjYdxaXU41U1f8RVwiLdyh0Ewn5D/s/zaLin09xkFKITVSAKDw==",
      "dependencies": {
        "lru-cache": "^6.0.0",
        "tslib": "^2.4.0"
      },
      "peerDependencies": {
        "@envelop/core": "^3.0.4",
        "graphql": "^14.0.0 || ^15.0.0 || ^16.0.0"
      }
    },
    "node_modules/@envelop/types": {
      "version": "3.0.1",
      "resolved": "https://registry.npmjs.org/@envelop/types/-/types-3.0.1.tgz",
      "integrity": "sha512-Ok62K1K+rlS+wQw77k8Pis8+1/h7+/9Wk5Fgcc2U6M5haEWsLFAHcHsk8rYlnJdEUl2Y3yJcCSOYbt1dyTaU5w==",
      "dependencies": {
        "tslib": "^2.4.0"
      }
    },
    "node_modules/@envelop/validation-cache": {
      "version": "5.1.0",
      "resolved": "https://registry.npmjs.org/@envelop/validation-cache/-/validation-cache-5.1.0.tgz",
      "integrity": "sha512-X0hr7lcT9Ye4Sm43JPaSawmhFl5Uf67z8OEIyphWY4DUNRlY6VClQZRMGP+8iAo9EFcRspvmszBI8b/65JwHaA==",
      "dependencies": {
        "fast-json-stable-stringify": "^2.1.0",
        "js-sha1": "^0.6.0",
        "lru-cache": "^6.0.0",
        "tslib": "^2.4.0"
      },
      "peerDependencies": {
        "@envelop/core": "^3.0.4",
        "graphql": "^14.0.0 || ^15.0.0 || ^16.0.0"
      }
    },
    "node_modules/@graphql-tools/executor": {
      "version": "0.0.12",
      "resolved": "https://registry.npmjs.org/@graphql-tools/executor/-/executor-0.0.12.tgz",
      "integrity": "sha512-bWpZcYRo81jDoTVONTnxS9dDHhEkNVjxzvFCH4CRpuyzD3uL+5w3MhtxIh24QyWm4LvQ4f+Bz3eMV2xU2I5+FA==",
      "dependencies": {
        "@graphql-tools/utils": "9.1.4",
        "@graphql-typed-document-node/core": "3.1.1",
        "@repeaterjs/repeater": "3.0.4",
        "tslib": "^2.4.0",
        "value-or-promise": "1.0.12"
      },
      "peerDependencies": {
        "graphql": "^14.0.0 || ^15.0.0 || ^16.0.0 || ^17.0.0"
      }
    },
    "node_modules/@graphql-tools/executor/node_modules/@graphql-tools/utils": {
      "version": "9.1.4",
      "resolved": "https://registry.npmjs.org/@graphql-tools/utils/-/utils-9.1.4.tgz",
      "integrity": "sha512-hgIeLt95h9nQgQuzbbdhuZmh+8WV7RZ/6GbTj6t3IU4Zd2zs9yYJ2jgW/krO587GMOY8zCwrjNOMzD40u3l7Vg==",
      "dependencies": {
        "tslib": "^2.4.0"
      },
      "peerDependencies": {
        "graphql": "^14.0.0 || ^15.0.0 || ^16.0.0 || ^17.0.0"
      }
    },
    "node_modules/@graphql-tools/merge": {
      "version": "8.3.18",
      "resolved": "https://registry.npmjs.org/@graphql-tools/merge/-/merge-8.3.18.tgz",
      "integrity": "sha512-R8nBglvRWPAyLpZL/f3lxsY7wjnAeE0l056zHhcO/CgpvK76KYUt9oEkR05i8Hmt8DLRycBN0FiotJ0yDQWTVA==",
      "dependencies": {
        "@graphql-tools/utils": "9.2.1",
        "tslib": "^2.4.0"
      },
      "peerDependencies": {
        "graphql": "^14.0.0 || ^15.0.0 || ^16.0.0 || ^17.0.0"
      }
    },
    "node_modules/@graphql-tools/schema": {
      "version": "9.0.16",
      "resolved": "https://registry.npmjs.org/@graphql-tools/schema/-/schema-9.0.16.tgz",
      "integrity": "sha512-kF+tbYPPf/6K2aHG3e1SWIbapDLQaqnIHVRG6ow3onkFoowwtKszvUyOASL6Krcv2x9bIMvd1UkvRf9OaoROQQ==",
      "dependencies": {
        "@graphql-tools/merge": "8.3.18",
        "@graphql-tools/utils": "9.2.1",
        "tslib": "^2.4.0",
        "value-or-promise": "1.0.12"
      },
      "peerDependencies": {
        "graphql": "^14.0.0 || ^15.0.0 || ^16.0.0 || ^17.0.0"
      }
    },
    "node_modules/@graphql-tools/utils": {
      "version": "9.2.1",
      "resolved": "https://registry.npmjs.org/@graphql-tools/utils/-/utils-9.2.1.tgz",
      "integrity": "sha512-WUw506Ql6xzmOORlriNrD6Ugx+HjVgYxt9KCXD9mHAak+eaXSwuGGPyE60hy9xaDEoXKBsG7SkG69ybitaVl6A==",
      "dependencies": {
        "@graphql-typed-document-node/core": "^3.1.1",
        "tslib": "^2.4.0"
      },
      "peerDependencies": {
        "graphql": "^14.0.0 || ^15.0.0 || ^16.0.0 || ^17.0.0"
      }
    },
    "node_modules/@graphql-typed-document-node/core": {
      "version": "3.1.1",
      "resolved": "https://registry.npmjs.org/@graphql-typed-document-node/core/-/core-3.1.1.tgz",
      "integrity": "sha512-NQ17ii0rK1b34VZonlmT2QMJFI70m0TRwbknO/ihlbatXyaktDhN/98vBiUU6kNBPljqGqyIrl2T4nY2RpFANg==",
      "peerDependencies": {
        "graphql": "^0.8.0 || ^0.9.0 || ^0.10.0 || ^0.11.0 || ^0.12.0 || ^0.13.0 || ^14.0.0 || ^15.0.0 || ^16.0.0"
      }
    },
    "node_modules/@graphql-yoga/subscription": {
      "version": "3.1.0",
      "resolved": "https://registry.npmjs.org/@graphql-yoga/subscription/-/subscription-3.1.0.tgz",
      "integrity": "sha512-Vc9lh8KzIHyS3n4jBlCbz7zCjcbtQnOBpsymcRvHhFr2cuH+knmRn0EmzimMQ58jQ8kxoRXXC3KJS3RIxSdPIg==",
      "dependencies": {
        "@graphql-yoga/typed-event-target": "^1.0.0",
        "@repeaterjs/repeater": "^3.0.4",
        "@whatwg-node/events": "0.0.2",
        "tslib": "^2.3.1"
      }
    },
    "node_modules/@graphql-yoga/typed-event-target": {
      "version": "1.0.0",
      "resolved": "https://registry.npmjs.org/@graphql-yoga/typed-event-target/-/typed-event-target-1.0.0.tgz",
      "integrity": "sha512-Mqni6AEvl3VbpMtKw+TIjc9qS9a8hKhiAjFtqX488yq5oJtj9TkNlFTIacAVS3vnPiswNsmDiQqvwUOcJgi1DA==",
      "dependencies": {
        "@repeaterjs/repeater": "^3.0.4",
        "tslib": "^2.3.1"
      }
    },
    "node_modules/@peculiar/asn1-schema": {
      "version": "2.3.3",
      "resolved": "https://registry.npmjs.org/@peculiar/asn1-schema/-/asn1-schema-2.3.3.tgz",
      "integrity": "sha512-6GptMYDMyWBHTUKndHaDsRZUO/XMSgIns2krxcm2L7SEExRHwawFvSwNBhqNPR9HJwv3MruAiF1bhN0we6j6GQ==",
      "dependencies": {
        "asn1js": "^3.0.5",
        "pvtsutils": "^1.3.2",
        "tslib": "^2.4.0"
      }
    },
    "node_modules/@peculiar/json-schema": {
      "version": "1.1.12",
      "resolved": "https://registry.npmjs.org/@peculiar/json-schema/-/json-schema-1.1.12.tgz",
      "integrity": "sha512-coUfuoMeIB7B8/NMekxaDzLhaYmp0HZNPEjYRm9goRou8UZIC3z21s0sL9AWoCw4EG876QyO3kYrc61WNF9B/w==",
      "dependencies": {
        "tslib": "^2.0.0"
      },
      "engines": {
        "node": ">=8.0.0"
      }
    },
    "node_modules/@peculiar/webcrypto": {
      "version": "1.4.1",
      "resolved": "https://registry.npmjs.org/@peculiar/webcrypto/-/webcrypto-1.4.1.tgz",
      "integrity": "sha512-eK4C6WTNYxoI7JOabMoZICiyqRRtJB220bh0Mbj5RwRycleZf9BPyZoxsTvpP0FpmVS2aS13NKOuh5/tN3sIRw==",
      "dependencies": {
        "@peculiar/asn1-schema": "^2.3.0",
        "@peculiar/json-schema": "^1.1.12",
        "pvtsutils": "^1.3.2",
        "tslib": "^2.4.1",
        "webcrypto-core": "^1.7.4"
      },
      "engines": {
        "node": ">=10.12.0"
      }
    },
    "node_modules/@repeaterjs/repeater": {
      "version": "3.0.4",
      "resolved": "https://registry.npmjs.org/@repeaterjs/repeater/-/repeater-3.0.4.tgz",
      "integrity": "sha512-AW8PKd6iX3vAZ0vA43nOUOnbq/X5ihgU+mSXXqunMkeQADGiqw/PY0JNeYtD5sr0PAy51YPgAPbDoeapv9r8WA=="
    },
    "node_modules/@types/node": {
      "version": "18.13.0",
      "resolved": "https://registry.npmjs.org/@types/node/-/node-18.13.0.tgz",
      "integrity": "sha512-gC3TazRzGoOnoKAhUx+Q0t8S9Tzs74z7m0ipwGpSqQrleP14hKxP4/JUeEQcD3W1/aIpnWl8pHowI7WokuZpXg==",
      "peer": true
    },
    "node_modules/@whatwg-node/events": {
      "version": "0.0.2",
      "resolved": "https://registry.npmjs.org/@whatwg-node/events/-/events-0.0.2.tgz",
      "integrity": "sha512-WKj/lI4QjnLuPrim0cfO7i+HsDSXHxNv1y0CrJhdntuO3hxWZmnXCwNDnwOvry11OjRin6cgWNF+j/9Pn8TN4w=="
    },
    "node_modules/@whatwg-node/fetch": {
      "version": "0.6.5",
      "resolved": "https://registry.npmjs.org/@whatwg-node/fetch/-/fetch-0.6.5.tgz",
      "integrity": "sha512-3XQ78RAMX8Az0LlUqMoGM3jbT+FE0S+IKr4yiTiqzQ5S/pNxD52K/kFLcLQiEbL+3rkk/glCHqjxF1QI5155Ig==",
      "dependencies": {
        "@peculiar/webcrypto": "^1.4.0",
        "@whatwg-node/node-fetch": "0.0.1",
        "busboy": "^1.6.0",
        "urlpattern-polyfill": "^6.0.2",
        "web-streams-polyfill": "^3.2.1"
      }
    },
    "node_modules/@whatwg-node/node-fetch": {
      "version": "0.0.1",
      "resolved": "https://registry.npmjs.org/@whatwg-node/node-fetch/-/node-fetch-0.0.1.tgz",
      "integrity": "sha512-dMbh604yf2jl37IzvYGA6z3heQg3dMzlqoNsiNToe46SVmKusfJXGf4KYIuiJTzh9mEEu/uVF//QakUfsLJpwA==",
      "dependencies": {
        "@whatwg-node/events": "0.0.2",
        "busboy": "1.6.0",
        "tslib": "^2.3.1"
      },
      "peerDependencies": {
        "@types/node": "^18.0.6"
      }
    },
    "node_modules/@whatwg-node/server": {
      "version": "0.5.11",
      "resolved": "https://registry.npmjs.org/@whatwg-node/server/-/server-0.5.11.tgz",
      "integrity": "sha512-MXG2MWE2Cf4nNwZ5Kpq2VueNSxD2Y0DWNBH0FmsGdFOI4DudK8TZfbPXFEFG2b+wXrpkyi7s8Q86Htr62m0pSQ==",
      "dependencies": {
        "@whatwg-node/fetch": "0.6.5",
        "tslib": "^2.3.1"
      }
    },
    "node_modules/asn1js": {
      "version": "3.0.5",
      "resolved": "https://registry.npmjs.org/asn1js/-/asn1js-3.0.5.tgz",
      "integrity": "sha512-FVnvrKJwpt9LP2lAMl8qZswRNm3T4q9CON+bxldk2iwk3FFpuwhx2FfinyitizWHsVYyaY+y5JzDR0rCMV5yTQ==",
      "dependencies": {
        "pvtsutils": "^1.3.2",
        "pvutils": "^1.1.3",
        "tslib": "^2.4.0"
      },
      "engines": {
        "node": ">=12.0.0"
      }
    },
    "node_modules/braces": {
      "version": "3.0.2",
      "resolved": "https://registry.npmjs.org/braces/-/braces-3.0.2.tgz",
      "integrity": "sha512-b8um+L1RzM3WDSzvhm6gIz1yfTbBt6YTlcEKAvsmqCZZFw46z626lVj9j1yEPW33H5H+lBQpZMP1k8l+78Ha0A==",
      "dependencies": {
        "fill-range": "^7.0.1"
      },
      "engines": {
        "node": ">=8"
      }
    },
    "node_modules/busboy": {
      "version": "1.6.0",
      "resolved": "https://registry.npmjs.org/busboy/-/busboy-1.6.0.tgz",
      "integrity": "sha512-8SFQbg/0hQ9xy3UNTB0YEnsNBbWfhf7RtnzpL7TkBiTBRfrQ9Fxcnz7VJsleJpyp6rVLvXiuORqjlHi5q+PYuA==",
      "dependencies": {
        "streamsearch": "^1.1.0"
      },
      "engines": {
        "node": ">=10.16.0"
      }
    },
    "node_modules/dset": {
      "version": "3.1.2",
      "resolved": "https://registry.npmjs.org/dset/-/dset-3.1.2.tgz",
      "integrity": "sha512-g/M9sqy3oHe477Ar4voQxWtaPIFw1jTdKZuomOjhCcBx9nHUNn0pu6NopuFFrTh/TRZIKEj+76vLWFu9BNKk+Q==",
      "engines": {
        "node": ">=4"
      }
    },
    "node_modules/fast-json-stable-stringify": {
      "version": "2.1.0",
      "resolved": "https://registry.npmjs.org/fast-json-stable-stringify/-/fast-json-stable-stringify-2.1.0.tgz",
      "integrity": "sha512-lhd/wF+Lk98HZoTCtlVraHtfh5XYijIjalXck7saUtuanSDyLMxnHhSXEDJqHxD7msR8D0uCmqlkwjCV8xvwHw=="
    },
    "node_modules/fill-range": {
      "version": "7.0.1",
      "resolved": "https://registry.npmjs.org/fill-range/-/fill-range-7.0.1.tgz",
      "integrity": "sha512-qOo9F+dMUmC2Lcb4BbVvnKJxTPjCm+RRpe4gDuGrzkL7mEVl/djYSu2OdQ2Pa302N4oqkSg9ir6jaLWJ2USVpQ==",
      "dependencies": {
        "to-regex-range": "^5.0.1"
      },
      "engines": {
        "node": ">=8"
      }
    },
    "node_modules/graphql": {
      "version": "16.6.0",
      "resolved": "https://registry.npmjs.org/graphql/-/graphql-16.6.0.tgz",
      "integrity": "sha512-KPIBPDlW7NxrbT/eh4qPXz5FiFdL5UbaA0XUNz2Rp3Z3hqBSkbj0GVjwFDztsWVauZUWsbKHgMg++sk8UX0bkw==",
      "engines": {
        "node": "^12.22.0 || ^14.16.0 || ^16.0.0 || >=17.0.0"
      }
    },
    "node_modules/graphql-yoga": {
      "version": "3.5.1",
      "resolved": "https://registry.npmjs.org/graphql-yoga/-/graphql-yoga-3.5.1.tgz",
      "integrity": "sha512-DVn/r4L9XJs5XeVJY9BqOHXk6P2Z1iNB9vXfChcEGNpfxJCbY6pKBstGdlDY+93U0lq5aLVspeOTvBWXAN90/w==",
      "dependencies": {
        "@envelop/core": "3.0.4",
        "@envelop/parser-cache": "^5.0.4",
        "@envelop/validation-cache": "^5.0.5",
        "@graphql-tools/executor": "0.0.12",
        "@graphql-tools/schema": "^9.0.0",
        "@graphql-tools/utils": "^9.0.1",
        "@graphql-yoga/subscription": "^3.1.0",
        "@whatwg-node/fetch": "0.6.5",
        "@whatwg-node/server": "0.5.11",
        "dset": "^3.1.1",
        "tslib": "^2.3.1"
      },
      "peerDependencies": {
        "graphql": "^15.2.0 || ^16.0.0"
      }
    },
    "node_modules/is-number": {
      "version": "7.0.0",
      "resolved": "https://registry.npmjs.org/is-number/-/is-number-7.0.0.tgz",
      "integrity": "sha512-41Cifkg6e8TylSpdtTpeLVMqvSBEVzTttHvERD741+pnZ8ANv0004MRL43QKPDlK9cGvNp6NZWZUBlbGXYxxng==",
      "engines": {
        "node": ">=0.12.0"
      }
    },
    "node_modules/js-sha1": {
      "version": "0.6.0",
      "resolved": "https://registry.npmjs.org/js-sha1/-/js-sha1-0.6.0.tgz",
      "integrity": "sha512-01gwBFreYydzmU9BmZxpVk6svJJHrVxEN3IOiGl6VO93bVKYETJ0sIth6DASI6mIFdt7NmfX9UiByRzsYHGU9w=="
    },
    "node_modules/lru-cache": {
      "version": "6.0.0",
      "resolved": "https://registry.npmjs.org/lru-cache/-/lru-cache-6.0.0.tgz",
      "integrity": "sha512-Jo6dJ04CmSjuznwJSS3pUeWmd/H0ffTlkXXgwZi+eq1UCmqQwCh+eLsYOYCwY991i2Fah4h1BEMCx4qThGbsiA==",
      "dependencies": {
        "yallist": "^4.0.0"
      },
      "engines": {
        "node": ">=10"
      }
    },
    "node_modules/pvtsutils": {
      "version": "1.3.2",
      "resolved": "https://registry.npmjs.org/pvtsutils/-/pvtsutils-1.3.2.tgz",
      "integrity": "sha512-+Ipe2iNUyrZz+8K/2IOo+kKikdtfhRKzNpQbruF2URmqPtoqAs8g3xS7TJvFF2GcPXjh7DkqMnpVveRFq4PgEQ==",
      "dependencies": {
        "tslib": "^2.4.0"
      }
    },
    "node_modules/pvutils": {
      "version": "1.1.3",
      "resolved": "https://registry.npmjs.org/pvutils/-/pvutils-1.1.3.tgz",
      "integrity": "sha512-pMpnA0qRdFp32b1sJl1wOJNxZLQ2cbQx+k6tjNtZ8CpvVhNqEPRgivZ2WOUev2YMajecdH7ctUPDvEe87nariQ==",
      "engines": {
        "node": ">=6.0.0"
      }
    },
    "node_modules/streamsearch": {
      "version": "1.1.0",
      "resolved": "https://registry.npmjs.org/streamsearch/-/streamsearch-1.1.0.tgz",
      "integrity": "sha512-Mcc5wHehp9aXz1ax6bZUyY5afg9u2rv5cqQI3mRrYkGC8rW2hM02jWuwjtL++LS5qinSyhj2QfLyNsuc+VsExg==",
      "engines": {
        "node": ">=10.0.0"
      }
    },
    "node_modules/to-regex-range": {
      "version": "5.0.1",
      "resolved": "https://registry.npmjs.org/to-regex-range/-/to-regex-range-5.0.1.tgz",
      "integrity": "sha512-65P7iz6X5yEr1cwcgvQxbbIw7Uk3gOy5dIdtZ4rDveLqhrdJP+Li/Hx6tyK0NEb+2GCyneCMJiGqrADCSNk8sQ==",
      "dependencies": {
        "is-number": "^7.0.0"
      },
      "engines": {
        "node": ">=8.0"
      }
    },
    "node_modules/tslib": {
      "version": "2.5.0",
      "resolved": "https://registry.npmjs.org/tslib/-/tslib-2.5.0.tgz",
      "integrity": "sha512-336iVw3rtn2BUK7ORdIAHTyxHGRIHVReokCR3XjbckJMK7ms8FysBfhLR8IXnAgy7T0PTPNBWKiH514FOW/WSg=="
    },
    "node_modules/urlpattern-polyfill": {
      "version": "6.0.2",
      "resolved": "https://registry.npmjs.org/urlpattern-polyfill/-/urlpattern-polyfill-6.0.2.tgz",
      "integrity": "sha512-5vZjFlH9ofROmuWmXM9yj2wljYKgWstGwe8YTyiqM7hVum/g9LyCizPZtb3UqsuppVwety9QJmfc42VggLpTgg==",
      "dependencies": {
        "braces": "^3.0.2"
      }
    },
    "node_modules/value-or-promise": {
      "version": "1.0.12",
      "resolved": "https://registry.npmjs.org/value-or-promise/-/value-or-promise-1.0.12.tgz",
      "integrity": "sha512-Z6Uz+TYwEqE7ZN50gwn+1LCVo9ZVrpxRPOhOLnncYkY1ZzOYtrX8Fwf/rFktZ8R5mJms6EZf5TqNOMeZmnPq9Q==",
      "engines": {
        "node": ">=12"
      }
    },
    "node_modules/web-streams-polyfill": {
      "version": "3.2.1",
      "resolved": "https://registry.npmjs.org/web-streams-polyfill/-/web-streams-polyfill-3.2.1.tgz",
      "integrity": "sha512-e0MO3wdXWKrLbL0DgGnUV7WHVuw9OUvL4hjgnPkIeEvESk74gAITi5G606JtZPp39cd8HA9VQzCIvA49LpPN5Q==",
      "engines": {
        "node": ">= 8"
      }
    },
    "node_modules/webcrypto-core": {
      "version": "1.7.6",
      "resolved": "https://registry.npmjs.org/webcrypto-core/-/webcrypto-core-1.7.6.tgz",
      "integrity": "sha512-TBPiewB4Buw+HI3EQW+Bexm19/W4cP/qZG/02QJCXN+iN+T5sl074vZ3rJcle/ZtDBQSgjkbsQO/1eFcxnSBUA==",
      "dependencies": {
        "@peculiar/asn1-schema": "^2.1.6",
        "@peculiar/json-schema": "^1.1.12",
        "asn1js": "^3.0.1",
        "pvtsutils": "^1.3.2",
        "tslib": "^2.4.0"
      }
    },
    "node_modules/yallist": {
      "version": "4.0.0",
      "resolved": "https://registry.npmjs.org/yallist/-/yallist-4.0.0.tgz",
      "integrity": "sha512-3wdGidZyq5PB084XLES5TpOSRA3wjXAlIWMhum2kRcv/41Sn2emQ0dycQW4uZXLejwKvg6EsvbdlVL+FYEct7A=="
    }
  },
  "dependencies": {
    "@envelop/core": {
      "version": "3.0.4",
      "resolved": "https://registry.npmjs.org/@envelop/core/-/core-3.0.4.tgz",
      "integrity": "sha512-AybIZxQsDlFQTWHy6YtX/MSQPVuw+eOFtTW90JsHn6EbmcQnD6N3edQfSiTGjggPRHLoC0+0cuYXp2Ly2r3vrQ==",
      "requires": {
        "@envelop/types": "3.0.1",
        "tslib": "2.4.0"
      },
      "dependencies": {
        "tslib": {
          "version": "2.4.0",
          "resolved": "https://registry.npmjs.org/tslib/-/tslib-2.4.0.tgz",
          "integrity": "sha512-d6xOpEDfsi2CZVlPQzGeux8XMwLT9hssAsaPYExaQMuYskwb+x1x7J371tWlbBdWHroy99KnVB6qIkUbs5X3UQ=="
        }
      }
    },
    "@envelop/parser-cache": {
      "version": "5.0.4",
      "resolved": "https://registry.npmjs.org/@envelop/parser-cache/-/parser-cache-5.0.4.tgz",
      "integrity": "sha512-+kp6nzCVLYI2WQExQcE3FSy6n9ZGB5GYi+ntyjYdxaXU41U1f8RVwiLdyh0Ewn5D/s/zaLin09xkFKITVSAKDw==",
      "requires": {
        "lru-cache": "^6.0.0",
        "tslib": "^2.4.0"
      }
    },
    "@envelop/types": {
      "version": "3.0.1",
      "resolved": "https://registry.npmjs.org/@envelop/types/-/types-3.0.1.tgz",
      "integrity": "sha512-Ok62K1K+rlS+wQw77k8Pis8+1/h7+/9Wk5Fgcc2U6M5haEWsLFAHcHsk8rYlnJdEUl2Y3yJcCSOYbt1dyTaU5w==",
      "requires": {
        "tslib": "^2.4.0"
      }
    },
    "@envelop/validation-cache": {
      "version": "5.1.0",
      "resolved": "https://registry.npmjs.org/@envelop/validation-cache/-/validation-cache-5.1.0.tgz",
      "integrity": "sha512-X0hr7lcT9Ye4Sm43JPaSawmhFl5Uf67z8OEIyphWY4DUNRlY6VClQZRMGP+8iAo9EFcRspvmszBI8b/65JwHaA==",
      "requires": {
        "fast-json-stable-stringify": "^2.1.0",
        "js-sha1": "^0.6.0",
        "lru-cache": "^6.0.0",
        "tslib": "^2.4.0"
      }
    },
    "@graphql-tools/executor": {
      "version": "0.0.12",
      "resolved": "https://registry.npmjs.org/@graphql-tools/executor/-/executor-0.0.12.tgz",
      "integrity": "sha512-bWpZcYRo81jDoTVONTnxS9dDHhEkNVjxzvFCH4CRpuyzD3uL+5w3MhtxIh24QyWm4LvQ4f+Bz3eMV2xU2I5+FA==",
      "requires": {
        "@graphql-tools/utils": "9.1.4",
        "@graphql-typed-document-node/core": "3.1.1",
        "@repeaterjs/repeater": "3.0.4",
        "tslib": "^2.4.0",
        "value-or-promise": "1.0.12"
      },
      "dependencies": {
        "@graphql-tools/utils": {
          "version": "9.1.4",
          "resolved": "https://registry.npmjs.org/@graphql-tools/utils/-/utils-9.1.4.tgz",
          "integrity": "sha512-hgIeLt95h9nQgQuzbbdhuZmh+8WV7RZ/6GbTj6t3IU4Zd2zs9yYJ2jgW/krO587GMOY8zCwrjNOMzD40u3l7Vg==",
          "requires": {
            "tslib": "^2.4.0"
          }
        }
      }
    },
    "@graphql-tools/merge": {
      "version": "8.3.18",
      "resolved": "https://registry.npmjs.org/@graphql-tools/merge/-/merge-8.3.18.tgz",
      "integrity": "sha512-R8nBglvRWPAyLpZL/f3lxsY7wjnAeE0l056zHhcO/CgpvK76KYUt9oEkR05i8Hmt8DLRycBN0FiotJ0yDQWTVA==",
      "requires": {
        "@graphql-tools/utils": "9.2.1",
        "tslib": "^2.4.0"
      }
    },
    "@graphql-tools/schema": {
      "version": "9.0.16",
      "resolved": "https://registry.npmjs.org/@graphql-tools/schema/-/schema-9.0.16.tgz",
      "integrity": "sha512-kF+tbYPPf/6K2aHG3e1SWIbapDLQaqnIHVRG6ow3onkFoowwtKszvUyOASL6Krcv2x9bIMvd1UkvRf9OaoROQQ==",
      "requires": {
        "@graphql-tools/merge": "8.3.18",
        "@graphql-tools/utils": "9.2.1",
        "tslib": "^2.4.0",
        "value-or-promise": "1.0.12"
      }
    },
    "@graphql-tools/utils": {
      "version": "9.2.1",
      "resolved": "https://registry.npmjs.org/@graphql-tools/utils/-/utils-9.2.1.tgz",
      "integrity": "sha512-WUw506Ql6xzmOORlriNrD6Ugx+HjVgYxt9KCXD9mHAak+eaXSwuGGPyE60hy9xaDEoXKBsG7SkG69ybitaVl6A==",
      "requires": {
        "@graphql-typed-document-node/core": "^3.1.1",
        "tslib": "^2.4.0"
      }
    },
    "@graphql-typed-document-node/core": {
      "version": "3.1.1",
      "resolved": "https://registry.npmjs.org/@graphql-typed-document-node/core/-/core-3.1.1.tgz",
      "integrity": "sha512-NQ17ii0rK1b34VZonlmT2QMJFI70m0TRwbknO/ihlbatXyaktDhN/98vBiUU6kNBPljqGqyIrl2T4nY2RpFANg==",
      "requires": {}
    },
    "@graphql-yoga/subscription": {
      "version": "3.1.0",
      "resolved": "https://registry.npmjs.org/@graphql-yoga/subscription/-/subscription-3.1.0.tgz",
      "integrity": "sha512-Vc9lh8KzIHyS3n4jBlCbz7zCjcbtQnOBpsymcRvHhFr2cuH+knmRn0EmzimMQ58jQ8kxoRXXC3KJS3RIxSdPIg==",
      "requires": {
        "@graphql-yoga/typed-event-target": "^1.0.0",
        "@repeaterjs/repeater": "^3.0.4",
        "@whatwg-node/events": "0.0.2",
        "tslib": "^2.3.1"
      }
    },
    "@graphql-yoga/typed-event-target": {
      "version": "1.0.0",
      "resolved": "https://registry.npmjs.org/@graphql-yoga/typed-event-target/-/typed-event-target-1.0.0.tgz",
      "integrity": "sha512-Mqni6AEvl3VbpMtKw+TIjc9qS9a8hKhiAjFtqX488yq5oJtj9TkNlFTIacAVS3vnPiswNsmDiQqvwUOcJgi1DA==",
      "requires": {
        "@repeaterjs/repeater": "^3.0.4",
        "tslib": "^2.3.1"
      }
    },
    "@peculiar/asn1-schema": {
      "version": "2.3.3",
      "resolved": "https://registry.npmjs.org/@peculiar/asn1-schema/-/asn1-schema-2.3.3.tgz",
      "integrity": "sha512-6GptMYDMyWBHTUKndHaDsRZUO/XMSgIns2krxcm2L7SEExRHwawFvSwNBhqNPR9HJwv3MruAiF1bhN0we6j6GQ==",
      "requires": {
        "asn1js": "^3.0.5",
        "pvtsutils": "^1.3.2",
        "tslib": "^2.4.0"
      }
    },
    "@peculiar/json-schema": {
      "version": "1.1.12",
      "resolved": "https://registry.npmjs.org/@peculiar/json-schema/-/json-schema-1.1.12.tgz",
      "integrity": "sha512-coUfuoMeIB7B8/NMekxaDzLhaYmp0HZNPEjYRm9goRou8UZIC3z21s0sL9AWoCw4EG876QyO3kYrc61WNF9B/w==",
      "requires": {
        "tslib": "^2.0.0"
      }
    },
    "@peculiar/webcrypto": {
      "version": "1.4.1",
      "resolved": "https://registry.npmjs.org/@peculiar/webcrypto/-/webcrypto-1.4.1.tgz",
      "integrity": "sha512-eK4C6WTNYxoI7JOabMoZICiyqRRtJB220bh0Mbj5RwRycleZf9BPyZoxsTvpP0FpmVS2aS13NKOuh5/tN3sIRw==",
      "requires": {
        "@peculiar/asn1-schema": "^2.3.0",
        "@peculiar/json-schema": "^1.1.12",
        "pvtsutils": "^1.3.2",
        "tslib": "^2.4.1",
        "webcrypto-core": "^1.7.4"
      }
    },
    "@repeaterjs/repeater": {
      "version": "3.0.4",
      "resolved": "https://registry.npmjs.org/@repeaterjs/repeater/-/repeater-3.0.4.tgz",
      "integrity": "sha512-AW8PKd6iX3vAZ0vA43nOUOnbq/X5ihgU+mSXXqunMkeQADGiqw/PY0JNeYtD5sr0PAy51YPgAPbDoeapv9r8WA=="
    },
    "@types/node": {
      "version": "18.13.0",
      "resolved": "https://registry.npmjs.org/@types/node/-/node-18.13.0.tgz",
      "integrity": "sha512-gC3TazRzGoOnoKAhUx+Q0t8S9Tzs74z7m0ipwGpSqQrleP14hKxP4/JUeEQcD3W1/aIpnWl8pHowI7WokuZpXg==",
      "peer": true
    },
    "@whatwg-node/events": {
      "version": "0.0.2",
      "resolved": "https://registry.npmjs.org/@whatwg-node/events/-/events-0.0.2.tgz",
      "integrity": "sha512-WKj/lI4QjnLuPrim0cfO7i+HsDSXHxNv1y0CrJhdntuO3hxWZmnXCwNDnwOvry11OjRin6cgWNF+j/9Pn8TN4w=="
    },
    "@whatwg-node/fetch": {
      "version": "0.6.5",
      "resolved": "https://registry.npmjs.org/@whatwg-node/fetch/-/fetch-0.6.5.tgz",
      "integrity": "sha512-3XQ78RAMX8Az0LlUqMoGM3jbT+FE0S+IKr4yiTiqzQ5S/pNxD52K/kFLcLQiEbL+3rkk/glCHqjxF1QI5155Ig==",
      "requires": {
        "@peculiar/webcrypto": "^1.4.0",
        "@whatwg-node/node-fetch": "0.0.1",
        "busboy": "^1.6.0",
        "urlpattern-polyfill": "^6.0.2",
        "web-streams-polyfill": "^3.2.1"
      }
    },
    "@whatwg-node/node-fetch": {
      "version": "0.0.1",
      "resolved": "https://registry.npmjs.org/@whatwg-node/node-fetch/-/node-fetch-0.0.1.tgz",
      "integrity": "sha512-dMbh604yf2jl37IzvYGA6z3heQg3dMzlqoNsiNToe46SVmKusfJXGf4KYIuiJTzh9mEEu/uVF//QakUfsLJpwA==",
      "requires": {
        "@whatwg-node/events": "0.0.2",
        "busboy": "1.6.0",
        "tslib": "^2.3.1"
      }
    },
    "@whatwg-node/server": {
      "version": "0.5.11",
      "resolved": "https://registry.npmjs.org/@whatwg-node/server/-/server-0.5.11.tgz",
      "integrity": "sha512-MXG2MWE2Cf4nNwZ5Kpq2VueNSxD2Y0DWNBH0FmsGdFOI4DudK8TZfbPXFEFG2b+wXrpkyi7s8Q86Htr62m0pSQ==",
      "requires": {
        "@whatwg-node/fetch": "0.6.5",
        "tslib": "^2.3.1"
      }
    },
    "asn1js": {
      "version": "3.0.5",
      "resolved": "https://registry.npmjs.org/asn1js/-/asn1js-3.0.5.tgz",
      "integrity": "sha512-FVnvrKJwpt9LP2lAMl8qZswRNm3T4q9CON+bxldk2iwk3FFpuwhx2FfinyitizWHsVYyaY+y5JzDR0rCMV5yTQ==",
      "requires": {
        "pvtsutils": "^1.3.2",
        "pvutils": "^1.1.3",
        "tslib": "^2.4.0"
      }
    },
    "braces": {
      "version": "3.0.2",
      "resolved": "https://registry.npmjs.org/braces/-/braces-3.0.2.tgz",
      "integrity": "sha512-b8um+L1RzM3WDSzvhm6gIz1yfTbBt6YTlcEKAvsmqCZZFw46z626lVj9j1yEPW33H5H+lBQpZMP1k8l+78Ha0A==",
      "requires": {
        "fill-range": "^7.0.1"
      }
    },
    "busboy": {
      "version": "1.6.0",
      "resolved": "https://registry.npmjs.org/busboy/-/busboy-1.6.0.tgz",
      "integrity": "sha512-8SFQbg/0hQ9xy3UNTB0YEnsNBbWfhf7RtnzpL7TkBiTBRfrQ9Fxcnz7VJsleJpyp6rVLvXiuORqjlHi5q+PYuA==",
      "requires": {
        "streamsearch": "^1.1.0"
      }
    },
    "dset": {
      "version": "3.1.2",
      "resolved": "https://registry.npmjs.org/dset/-/dset-3.1.2.tgz",
      "integrity": "sha512-g/M9sqy3oHe477Ar4voQxWtaPIFw1jTdKZuomOjhCcBx9nHUNn0pu6NopuFFrTh/TRZIKEj+76vLWFu9BNKk+Q=="
    },
    "fast-json-stable-stringify": {
      "version": "2.1.0",
      "resolved": "https://registry.npmjs.org/fast-json-stable-stringify/-/fast-json-stable-stringify-2.1.0.tgz",
      "integrity": "sha512-lhd/wF+Lk98HZoTCtlVraHtfh5XYijIjalXck7saUtuanSDyLMxnHhSXEDJqHxD7msR8D0uCmqlkwjCV8xvwHw=="
    },
    "fill-range": {
      "version": "7.0.1",
      "resolved": "https://registry.npmjs.org/fill-range/-/fill-range-7.0.1.tgz",
      "integrity": "sha512-qOo9F+dMUmC2Lcb4BbVvnKJxTPjCm+RRpe4gDuGrzkL7mEVl/djYSu2OdQ2Pa302N4oqkSg9ir6jaLWJ2USVpQ==",
      "requires": {
        "to-regex-range": "^5.0.1"
      }
    },
    "graphql": {
      "version": "16.6.0",
      "resolved": "https://registry.npmjs.org/graphql/-/graphql-16.6.0.tgz",
      "integrity": "sha512-KPIBPDlW7NxrbT/eh4qPXz5FiFdL5UbaA0XUNz2Rp3Z3hqBSkbj0GVjwFDztsWVauZUWsbKHgMg++sk8UX0bkw=="
    },
    "graphql-yoga": {
      "version": "3.5.1",
      "resolved": "https://registry.npmjs.org/graphql-yoga/-/graphql-yoga-3.5.1.tgz",
      "integrity": "sha512-DVn/r4L9XJs5XeVJY9BqOHXk6P2Z1iNB9vXfChcEGNpfxJCbY6pKBstGdlDY+93U0lq5aLVspeOTvBWXAN90/w==",
      "requires": {
        "@envelop/core": "3.0.4",
        "@envelop/parser-cache": "^5.0.4",
        "@envelop/validation-cache": "^5.0.5",
        "@graphql-tools/executor": "0.0.12",
        "@graphql-tools/schema": "^9.0.0",
        "@graphql-tools/utils": "^9.0.1",
        "@graphql-yoga/subscription": "^3.1.0",
        "@whatwg-node/fetch": "0.6.5",
        "@whatwg-node/server": "0.5.11",
        "dset": "^3.1.1",
        "tslib": "^2.3.1"
      }
    },
    "is-number": {
      "version": "7.0.0",
      "resolved": "https://registry.npmjs.org/is-number/-/is-number-7.0.0.tgz",
      "integrity": "sha512-41Cifkg6e8TylSpdtTpeLVMqvSBEVzTttHvERD741+pnZ8ANv0004MRL43QKPDlK9cGvNp6NZWZUBlbGXYxxng=="
    },
    "js-sha1": {
      "version": "0.6.0",
      "resolved": "https://registry.npmjs.org/js-sha1/-/js-sha1-0.6.0.tgz",
      "integrity": "sha512-01gwBFreYydzmU9BmZxpVk6svJJHrVxEN3IOiGl6VO93bVKYETJ0sIth6DASI6mIFdt7NmfX9UiByRzsYHGU9w=="
    },
    "lru-cache": {
      "version": "6.0.0",
      "resolved": "https://registry.npmjs.org/lru-cache/-/lru-cache-6.0.0.tgz",
      "integrity": "sha512-Jo6dJ04CmSjuznwJSS3pUeWmd/H0ffTlkXXgwZi+eq1UCmqQwCh+eLsYOYCwY991i2Fah4h1BEMCx4qThGbsiA==",
      "requires": {
        "yallist": "^4.0.0"
      }
    },
    "pvtsutils": {
      "version": "1.3.2",
      "resolved": "https://registry.npmjs.org/pvtsutils/-/pvtsutils-1.3.2.tgz",
      "integrity": "sha512-+Ipe2iNUyrZz+8K/2IOo+kKikdtfhRKzNpQbruF2URmqPtoqAs8g3xS7TJvFF2GcPXjh7DkqMnpVveRFq4PgEQ==",
      "requires": {
        "tslib": "^2.4.0"
      }
    },
    "pvutils": {
      "version": "1.1.3",
      "resolved": "https://registry.npmjs.org/pvutils/-/pvutils-1.1.3.tgz",
      "integrity": "sha512-pMpnA0qRdFp32b1sJl1wOJNxZLQ2cbQx+k6tjNtZ8CpvVhNqEPRgivZ2WOUev2YMajecdH7ctUPDvEe87nariQ=="
    },
    "streamsearch": {
      "version": "1.1.0",
      "resolved": "https://registry.npmjs.org/streamsearch/-/streamsearch-1.1.0.tgz",
      "integrity": "sha512-Mcc5wHehp9aXz1ax6bZUyY5afg9u2rv5cqQI3mRrYkGC8rW2hM02jWuwjtL++LS5qinSyhj2QfLyNsuc+VsExg=="
    },
    "to-regex-range": {
      "version": "5.0.1",
      "resolved": "https://registry.npmjs.org/to-regex-range/-/to-regex-range-5.0.1.tgz",
      "integrity": "sha512-65P7iz6X5yEr1cwcgvQxbbIw7Uk3gOy5dIdtZ4rDveLqhrdJP+Li/Hx6tyK0NEb+2GCyneCMJiGqrADCSNk8sQ==",
      "requires": {
        "is-number": "^7.0.0"
      }
    },
    "tslib": {
      "version": "2.5.0",
      "resolved": "https://registry.npmjs.org/tslib/-/tslib-2.5.0.tgz",
      "integrity": "sha512-336iVw3rtn2BUK7ORdIAHTyxHGRIHVReokCR3XjbckJMK7ms8FysBfhLR8IXnAgy7T0PTPNBWKiH514FOW/WSg=="
    },
    "urlpattern-polyfill": {
      "version": "6.0.2",
      "resolved": "https://registry.npmjs.org/urlpattern-polyfill/-/urlpattern-polyfill-6.0.2.tgz",
      "integrity": "sha512-5vZjFlH9ofROmuWmXM9yj2wljYKgWstGwe8YTyiqM7hVum/g9LyCizPZtb3UqsuppVwety9QJmfc42VggLpTgg==",
      "requires": {
        "braces": "^3.0.2"
      }
    },
    "value-or-promise": {
      "version": "1.0.12",
      "resolved": "https://registry.npmjs.org/value-or-promise/-/value-or-promise-1.0.12.tgz",
      "integrity": "sha512-Z6Uz+TYwEqE7ZN50gwn+1LCVo9ZVrpxRPOhOLnncYkY1ZzOYtrX8Fwf/rFktZ8R5mJms6EZf5TqNOMeZmnPq9Q=="
    },
    "web-streams-polyfill": {
      "version": "3.2.1",
      "resolved": "https://registry.npmjs.org/web-streams-polyfill/-/web-streams-polyfill-3.2.1.tgz",
      "integrity": "sha512-e0MO3wdXWKrLbL0DgGnUV7WHVuw9OUvL4hjgnPkIeEvESk74gAITi5G606JtZPp39cd8HA9VQzCIvA49LpPN5Q=="
    },
    "webcrypto-core": {
      "version": "1.7.6",
      "resolved": "https://registry.npmjs.org/webcrypto-core/-/webcrypto-core-1.7.6.tgz",
      "integrity": "sha512-TBPiewB4Buw+HI3EQW+Bexm19/W4cP/qZG/02QJCXN+iN+T5sl074vZ3rJcle/ZtDBQSgjkbsQO/1eFcxnSBUA==",
      "requires": {
        "@peculiar/asn1-schema": "^2.1.6",
        "@peculiar/json-schema": "^1.1.12",
        "asn1js": "^3.0.1",
        "pvtsutils": "^1.3.2",
        "tslib": "^2.4.0"
      }
    },
    "yallist": {
      "version": "4.0.0",
      "resolved": "https://registry.npmjs.org/yallist/-/yallist-4.0.0.tgz",
      "integrity": "sha512-3wdGidZyq5PB084XLES5TpOSRA3wjXAlIWMhum2kRcv/41Sn2emQ0dycQW4uZXLejwKvg6EsvbdlVL+FYEct7A=="
    }
  }
}
