{
  "name": "garph",
  "version": "0.3.1",
  "lockfileVersion": 2,
  "requires": true,
  "packages": {
    "": {
      "name": "garph",
      "version": "0.3.1",
      "license": "MIT",
      "dependencies": {
        "graphql-compose": "^9.0.10"
      },
      "devDependencies": {
        "bun-types": "^0.5.6",
        "typescript": "^4.9.5"
      }
    },
    "node_modules/bun-types": {
      "version": "0.5.6",
      "resolved": "https://registry.npmjs.org/bun-types/-/bun-types-0.5.6.tgz",
      "integrity": "sha512-c4XXSAo4gA03XE3EIOB1bcLxUvWMzhiE9AQdoZi+3fplNLpyeOw7UJM3o1UCtk00NYZQIbgC/eJ88QrlSdxhxg==",
      "dev": true
    },
    "node_modules/graphql": {
      "version": "16.6.0",
      "resolved": "https://registry.npmjs.org/graphql/-/graphql-16.6.0.tgz",
      "integrity": "sha512-KPIBPDlW7NxrbT/eh4qPXz5FiFdL5UbaA0XUNz2Rp3Z3hqBSkbj0GVjwFDztsWVauZUWsbKHgMg++sk8UX0bkw==",
      "peer": true,
      "engines": {
        "node": "^12.22.0 || ^14.16.0 || ^16.0.0 || >=17.0.0"
      }
    },
    "node_modules/graphql-compose": {
      "version": "9.0.10",
      "resolved": "https://registry.npmjs.org/graphql-compose/-/graphql-compose-9.0.10.tgz",
      "integrity": "sha512-UsVoxfi2+c8WbHl2pEB+teoRRZoY4mbWBoijeLDGpAZBSPChnqtSRjp+T9UcouLCwGr5ooNyOQLoI3OVzU1bPQ==",
      "dependencies": {
        "graphql-type-json": "0.3.2"
      }
    },
    "node_modules/graphql-type-json": {
      "version": "0.3.2",
      "resolved": "https://registry.npmjs.org/graphql-type-json/-/graphql-type-json-0.3.2.tgz",
      "integrity": "sha512-J+vjof74oMlCWXSvt0DOf2APEdZOCdubEvGDUAlqH//VBYcOYsGgRW7Xzorr44LvkjiuvecWc8fChxuZZbChtg==",
      "peerDependencies": {
        "graphql": ">=0.8.0"
      }
    },
    "node_modules/typescript": {
      "version": "4.9.5",
      "resolved": "https://registry.npmjs.org/typescript/-/typescript-4.9.5.tgz",
      "integrity": "sha512-1FXk9E2Hm+QzZQ7z+McJiHL4NW1F2EzMu9Nq9i3zAaGqibafqYwCVU6WyWAuyQRRzOlxou8xZSyXLEN8oKj24g==",
      "dev": true,
      "bin": {
        "tsc": "bin/tsc",
        "tsserver": "bin/tsserver"
      },
      "engines": {
        "node": ">=4.2.0"
      }
    }
  },
  "dependencies": {
    "bun-types": {
      "version": "0.5.6",
      "resolved": "https://registry.npmjs.org/bun-types/-/bun-types-0.5.6.tgz",
      "integrity": "sha512-c4XXSAo4gA03XE3EIOB1bcLxUvWMzhiE9AQdoZi+3fplNLpyeOw7UJM3o1UCtk00NYZQIbgC/eJ88QrlSdxhxg==",
      "dev": true
    },
    "graphql": {
      "version": "16.6.0",
      "resolved": "https://registry.npmjs.org/graphql/-/graphql-16.6.0.tgz",
      "integrity": "sha512-KPIBPDlW7NxrbT/eh4qPXz5FiFdL5UbaA0XUNz2Rp3Z3hqBSkbj0GVjwFDztsWVauZUWsbKHgMg++sk8UX0bkw==",
      "peer": true
    },
    "graphql-compose": {
      "version": "9.0.10",
      "resolved": "https://registry.npmjs.org/graphql-compose/-/graphql-compose-9.0.10.tgz",
      "integrity": "sha512-UsVoxfi2+c8WbHl2pEB+teoRRZoY4mbWBoijeLDGpAZBSPChnqtSRjp+T9UcouLCwGr5ooNyOQLoI3OVzU1bPQ==",
      "requires": {
        "graphql-type-json": "0.3.2"
      }
    },
    "graphql-type-json": {
      "version": "0.3.2",
      "resolved": "https://registry.npmjs.org/graphql-type-json/-/graphql-type-json-0.3.2.tgz",
      "integrity": "sha512-J+vjof74oMlCWXSvt0DOf2APEdZOCdubEvGDUAlqH//VBYcOYsGgRW7Xzorr44LvkjiuvecWc8fChxuZZbChtg==",
      "requires": {}
    },
    "typescript": {
      "version": "4.9.5",
      "resolved": "https://registry.npmjs.org/typescript/-/typescript-4.9.5.tgz",
      "integrity": "sha512-1FXk9E2Hm+QzZQ7z+McJiHL4NW1F2EzMu9Nq9i3zAaGqibafqYwCVU6WyWAuyQRRzOlxou8xZSyXLEN8oKj24g==",
      "dev": true
    }
  }
}
